// !$*UTF8*$!
{
	archiveVersion = 1;
	classes = {
	};
	objectVersion = 48;
	objects = {

/* Begin PBXBuildFile section */
		39F97A6C2D0881FB1BF93EC3 /* libPods-YukiFramework.a in Frameworks */ = {isa = PBXBuildFile; fileRef = 140A9E1D73BA201E617FF81A /* libPods-YukiFramework.a */; };
		8819EF7A2015EE1D00E416D4 /* YukiTitleScorllViewController.m in Sources */ = {isa = PBXBuildFile; fileRef = 8819EF792015EE1D00E416D4 /* YukiTitleScorllViewController.m */; };
		8819EF7D2015EED600E416D4 /* WKChildViewController.m in Sources */ = {isa = PBXBuildFile; fileRef = 8819EF7B2015EED600E416D4 /* WKChildViewController.m */; };
		8819EF8B2015F19800E416D4 /* WKAttributdeLblViewController.m in Sources */ = {isa = PBXBuildFile; fileRef = 8819EF892015F19700E416D4 /* WKAttributdeLblViewController.m */; };
		8819EF8C2015F19800E416D4 /* WKAttributdeLblViewController.xib in Resources */ = {isa = PBXBuildFile; fileRef = 8819EF8A2015F19700E416D4 /* WKAttributdeLblViewController.xib */; };
		882181A32011BFBE002CE791 /* YukiShowPhotoWebViewController.m in Sources */ = {isa = PBXBuildFile; fileRef = 882181A22011BFBE002CE791 /* YukiShowPhotoWebViewController.m */; };
		88224D3C1FBC0F53003ADDBA /* DogModel.m in Sources */ = {isa = PBXBuildFile; fileRef = 88224D3B1FBC0F53003ADDBA /* DogModel.m */; };
		88224D3F1FBC10B3003ADDBA /* YKPerson.m in Sources */ = {isa = PBXBuildFile; fileRef = 88224D3E1FBC10B3003ADDBA /* YKPerson.m */; };
		88224D421FBC1545003ADDBA /* YKPost.m in Sources */ = {isa = PBXBuildFile; fileRef = 88224D411FBC1545003ADDBA /* YKPost.m */; };
		88224D451FBC168F003ADDBA /* YKUser.m in Sources */ = {isa = PBXBuildFile; fileRef = 88224D441FBC168F003ADDBA /* YKUser.m */; };
		8891438820450DB100A08ACC /* AttributedLbl.m in Sources */ = {isa = PBXBuildFile; fileRef = 8891438620450DB100A08ACC /* AttributedLbl.m */; };
		8891438B20450DD600A08ACC /* UILabel+YBAttributeTextTapAction.m in Sources */ = {isa = PBXBuildFile; fileRef = 8891438920450DD600A08ACC /* UILabel+YBAttributeTextTapAction.m */; };
		8891439520450E1000A08ACC /* DCPagerProgressView.m in Sources */ = {isa = PBXBuildFile; fileRef = 8891438D20450E0F00A08ACC /* DCPagerProgressView.m */; };
		8891439620450E1000A08ACC /* TitleScrollHelper.m in Sources */ = {isa = PBXBuildFile; fileRef = 8891438F20450E1000A08ACC /* TitleScrollHelper.m */; };
		8891439720450E1000A08ACC /* TitleScrollView.m in Sources */ = {isa = PBXBuildFile; fileRef = 8891439120450E1000A08ACC /* TitleScrollView.m */; };
		8891439820450E1000A08ACC /* UIView+Frame.m in Sources */ = {isa = PBXBuildFile; fileRef = 8891439220450E1000A08ACC /* UIView+Frame.m */; };
		889143A020450E5D00A08ACC /* YukiWebProgressLayer.m in Sources */ = {isa = PBXBuildFile; fileRef = 8891439B20450E5C00A08ACC /* YukiWebProgressLayer.m */; };
		889143A120450E5D00A08ACC /* YukiWebViewController.m in Sources */ = {isa = PBXBuildFile; fileRef = 8891439E20450E5D00A08ACC /* YukiWebViewController.m */; };
		889143A220450E5D00A08ACC /* NSTimer+addition.m in Sources */ = {isa = PBXBuildFile; fileRef = 8891439F20450E5D00A08ACC /* NSTimer+addition.m */; };
		889143A620450E9B00A08ACC /* YukiBaseViewController.m in Sources */ = {isa = PBXBuildFile; fileRef = 889143A420450E9A00A08ACC /* YukiBaseViewController.m */; };
		889143AA20450EBF00A08ACC /* HSGifHeader.m in Sources */ = {isa = PBXBuildFile; fileRef = 889143A920450EBF00A08ACC /* HSGifHeader.m */; };
		889143B020450EE300A08ACC /* WKBaseModel.m in Sources */ = {isa = PBXBuildFile; fileRef = 889143AE20450EE300A08ACC /* WKBaseModel.m */; };
		889143B120450EE300A08ACC /* WKRequest.m in Sources */ = {isa = PBXBuildFile; fileRef = 889143AF20450EE300A08ACC /* WKRequest.m */; };
		889143BA20450F1D00A08ACC /* WKNavigationController.m in Sources */ = {isa = PBXBuildFile; fileRef = 889143B320450F1C00A08ACC /* WKNavigationController.m */; };
		889143BB20450F1D00A08ACC /* WKTabbarController.m in Sources */ = {isa = PBXBuildFile; fileRef = 889143B620450F1D00A08ACC /* WKTabbarController.m */; };
		88A4BAEB2015D5D300558559 /* YukiDemoListViewController.m in Sources */ = {isa = PBXBuildFile; fileRef = 88A4BAE92015D5D300558559 /* YukiDemoListViewController.m */; };
		88A4BAEC2015D5D300558559 /* YukiDemoListViewController.xib in Resources */ = {isa = PBXBuildFile; fileRef = 88A4BAEA2015D5D300558559 /* YukiDemoListViewController.xib */; };
		88A4BAF32015DBA000558559 /* YukiCollectionSuspensionViewController.m in Sources */ = {isa = PBXBuildFile; fileRef = 88A4BAF22015DBA000558559 /* YukiCollectionSuspensionViewController.m */; };
		88A4BAF62015DC4100558559 /* YukiCollectionViewFlowLayout.m in Sources */ = {isa = PBXBuildFile; fileRef = 88A4BAF52015DC4100558559 /* YukiCollectionViewFlowLayout.m */; };
		88A4BAFA2015DCFA00558559 /* WKCategoryCollectionViewCell.m in Sources */ = {isa = PBXBuildFile; fileRef = 88A4BAF72015DCFA00558559 /* WKCategoryCollectionViewCell.m */; };
		88A4BAFB2015DCFA00558559 /* WKCategoryCollectionViewCell.xib in Resources */ = {isa = PBXBuildFile; fileRef = 88A4BAF92015DCFA00558559 /* WKCategoryCollectionViewCell.xib */; };
		88A4BAFF2015DD2F00558559 /* WKCateSectionHeadCollectionReusableView.m in Sources */ = {isa = PBXBuildFile; fileRef = 88A4BAFD2015DD2E00558559 /* WKCateSectionHeadCollectionReusableView.m */; };
		88A4BB002015DD2F00558559 /* WKCateSectionHeadCollectionReusableView.xib in Resources */ = {isa = PBXBuildFile; fileRef = 88A4BAFE2015DD2E00558559 /* WKCateSectionHeadCollectionReusableView.xib */; };
		88A94C031FB44BBF0048B4C2 /* AppDelegate.m in Sources */ = {isa = PBXBuildFile; fileRef = 88A94C021FB44BBF0048B4C2 /* AppDelegate.m */; };
		88A94C061FB44BBF0048B4C2 /* ViewController.m in Sources */ = {isa = PBXBuildFile; fileRef = 88A94C051FB44BBF0048B4C2 /* ViewController.m */; };
		88A94C091FB44BBF0048B4C2 /* Main.storyboard in Resources */ = {isa = PBXBuildFile; fileRef = 88A94C071FB44BBF0048B4C2 /* Main.storyboard */; };
		88A94C0B1FB44BBF0048B4C2 /* Assets.xcassets in Resources */ = {isa = PBXBuildFile; fileRef = 88A94C0A1FB44BBF0048B4C2 /* Assets.xcassets */; };
		88A94C0E1FB44BBF0048B4C2 /* LaunchScreen.storyboard in Resources */ = {isa = PBXBuildFile; fileRef = 88A94C0C1FB44BBF0048B4C2 /* LaunchScreen.storyboard */; };
		88A94C111FB44BBF0048B4C2 /* main.m in Sources */ = {isa = PBXBuildFile; fileRef = 88A94C101FB44BBF0048B4C2 /* main.m */; };
		88A94C1B1FB44BBF0048B4C2 /* YukiFrameworkTests.m in Sources */ = {isa = PBXBuildFile; fileRef = 88A94C1A1FB44BBF0048B4C2 /* YukiFrameworkTests.m */; };
		88A94C261FB44BBF0048B4C2 /* YukiFrameworkUITests.m in Sources */ = {isa = PBXBuildFile; fileRef = 88A94C251FB44BBF0048B4C2 /* YukiFrameworkUITests.m */; };
		88A94C341FB44C060048B4C2 /* Images.xcassets in Resources */ = {isa = PBXBuildFile; fileRef = 88A94C331FB44C060048B4C2 /* Images.xcassets */; };
		88A94C481FB44E1D0048B4C2 /* YukiHomeViewController.m in Sources */ = {isa = PBXBuildFile; fileRef = 88A94C461FB44E1D0048B4C2 /* YukiHomeViewController.m */; };
		88A94C491FB44E1D0048B4C2 /* YukiHomeViewController.xib in Resources */ = {isa = PBXBuildFile; fileRef = 88A94C471FB44E1D0048B4C2 /* YukiHomeViewController.xib */; };
		88A94C4D1FB44E2C0048B4C2 /* YukuClassViewController.m in Sources */ = {isa = PBXBuildFile; fileRef = 88A94C4B1FB44E2C0048B4C2 /* YukuClassViewController.m */; };
		88A94C4E1FB44E2C0048B4C2 /* YukuClassViewController.xib in Resources */ = {isa = PBXBuildFile; fileRef = 88A94C4C1FB44E2C0048B4C2 /* YukuClassViewController.xib */; };
		88A94C521FB44E410048B4C2 /* YukiShoppingCartViewController.m in Sources */ = {isa = PBXBuildFile; fileRef = 88A94C501FB44E410048B4C2 /* YukiShoppingCartViewController.m */; };
		88A94C531FB44E410048B4C2 /* YukiShoppingCartViewController.xib in Resources */ = {isa = PBXBuildFile; fileRef = 88A94C511FB44E410048B4C2 /* YukiShoppingCartViewController.xib */; };
		88A94C571FB44E510048B4C2 /* YukiUserCenterViewController.m in Sources */ = {isa = PBXBuildFile; fileRef = 88A94C551FB44E510048B4C2 /* YukiUserCenterViewController.m */; };
		88A94C581FB44E510048B4C2 /* YukiUserCenterViewController.xib in Resources */ = {isa = PBXBuildFile; fileRef = 88A94C561FB44E510048B4C2 /* YukiUserCenterViewController.xib */; };
		88A94C6A1FB46E380048B4C2 /* WKHomeFourChooseTableViewCell.xib in Resources */ = {isa = PBXBuildFile; fileRef = 88A94C671FB46E370048B4C2 /* WKHomeFourChooseTableViewCell.xib */; };
		88A94C6B1FB46E380048B4C2 /* WKHomeFourChooseTableViewCell.m in Sources */ = {isa = PBXBuildFile; fileRef = 88A94C691FB46E370048B4C2 /* WKHomeFourChooseTableViewCell.m */; };
		88C5F5C71FBA95270025D9CA /* HomeModel.m in Sources */ = {isa = PBXBuildFile; fileRef = 88C5F5C61FBA95270025D9CA /* HomeModel.m */; };
		88C5F5CB1FBABBAF0025D9CA /* YKShoppingTableViewCell.m in Sources */ = {isa = PBXBuildFile; fileRef = 88C5F5C91FBABBAF0025D9CA /* YKShoppingTableViewCell.m */; };
		88C5F5CC1FBABBAF0025D9CA /* YKShoppingTableViewCell.xib in Resources */ = {isa = PBXBuildFile; fileRef = 88C5F5CA1FBABBAF0025D9CA /* YKShoppingTableViewCell.xib */; };
		88C5F5DF1FBAC3C60025D9CA /* YKShopModel.m in Sources */ = {isa = PBXBuildFile; fileRef = 88C5F5DE1FBAC3C60025D9CA /* YKShopModel.m */; };
		88C5F5E21FBAC79E0025D9CA /* YKShopHeadView.m in Sources */ = {isa = PBXBuildFile; fileRef = 88C5F5E11FBAC79E0025D9CA /* YKShopHeadView.m */; };
		88C5F5E41FBAC7A60025D9CA /* YKShopHeadView.xib in Resources */ = {isa = PBXBuildFile; fileRef = 88C5F5E31FBAC7A60025D9CA /* YKShopHeadView.xib */; };
		88C5F5E81FBACB410025D9CA /* YKShopListViewController.m in Sources */ = {isa = PBXBuildFile; fileRef = 88C5F5E61FBACB410025D9CA /* YKShopListViewController.m */; };
		88C5F5E91FBACB410025D9CA /* YKShopListViewController.xib in Resources */ = {isa = PBXBuildFile; fileRef = 88C5F5E71FBACB410025D9CA /* YKShopListViewController.xib */; };
		88C5F5ED1FBACD0D0025D9CA /* YKShopStepTableViewCell.m in Sources */ = {isa = PBXBuildFile; fileRef = 88C5F5EB1FBACD0D0025D9CA /* YKShopStepTableViewCell.m */; };
		88C5F5EE1FBACD0D0025D9CA /* YKShopStepTableViewCell.xib in Resources */ = {isa = PBXBuildFile; fileRef = 88C5F5EC1FBACD0D0025D9CA /* YKShopStepTableViewCell.xib */; };
		88C5F5F11FBAD1630025D9CA /* YKShopListModel.m in Sources */ = {isa = PBXBuildFile; fileRef = 88C5F5F01FBAD1630025D9CA /* YKShopListModel.m */; };
		88C5F5F41FBAD8B30025D9CA /* YKShopListHeadView.m in Sources */ = {isa = PBXBuildFile; fileRef = 88C5F5F31FBAD8B30025D9CA /* YKShopListHeadView.m */; };
		88C5F5F61FBAD8BC0025D9CA /* YKShopListHeadView.xib in Resources */ = {isa = PBXBuildFile; fileRef = 88C5F5F51FBAD8BC0025D9CA /* YKShopListHeadView.xib */; };
		88CA6E162046A76600DECFF3 /* libStaticText.a in Frameworks */ = {isa = PBXBuildFile; fileRef = 88CA6E152046A76600DECFF3 /* libStaticText.a */; };
		88CA6E192046A7AE00DECFF3 /* YukiStaticLibraryViewController.m in Sources */ = {isa = PBXBuildFile; fileRef = 88CA6E182046A7AE00DECFF3 /* YukiStaticLibraryViewController.m */; };
/* End PBXBuildFile section */

/* Begin PBXContainerItemProxy section */
		88A94C171FB44BBF0048B4C2 /* PBXContainerItemProxy */ = {
			isa = PBXContainerItemProxy;
			containerPortal = 88A94BF61FB44BBF0048B4C2 /* Project object */;
			proxyType = 1;
			remoteGlobalIDString = 88A94BFD1FB44BBF0048B4C2;
			remoteInfo = YukiFramework;
		};
		88A94C221FB44BBF0048B4C2 /* PBXContainerItemProxy */ = {
			isa = PBXContainerItemProxy;
			containerPortal = 88A94BF61FB44BBF0048B4C2 /* Project object */;
			proxyType = 1;
			remoteGlobalIDString = 88A94BFD1FB44BBF0048B4C2;
			remoteInfo = YukiFramework;
		};
/* End PBXContainerItemProxy section */

/* Begin PBXFileReference section */
		140A9E1D73BA201E617FF81A /* libPods-YukiFramework.a */ = {isa = PBXFileReference; explicitFileType = archive.ar; includeInIndex = 0; path = "libPods-YukiFramework.a"; sourceTree = BUILT_PRODUCTS_DIR; };
		4B319400642AAD808E5D75F4 /* Pods-YukiFramework.release.xcconfig */ = {isa = PBXFileReference; includeInIndex = 1; lastKnownFileType = text.xcconfig; name = "Pods-YukiFramework.release.xcconfig"; path = "Pods/Target Support Files/Pods-YukiFramework/Pods-YukiFramework.release.xcconfig"; sourceTree = "<group>"; };
		8819EF782015EE1D00E416D4 /* YukiTitleScorllViewController.h */ = {isa = PBXFileReference; lastKnownFileType = sourcecode.c.h; path = YukiTitleScorllViewController.h; sourceTree = "<group>"; };
		8819EF792015EE1D00E416D4 /* YukiTitleScorllViewController.m */ = {isa = PBXFileReference; lastKnownFileType = sourcecode.c.objc; path = YukiTitleScorllViewController.m; sourceTree = "<group>"; };
		8819EF7B2015EED600E416D4 /* WKChildViewController.m */ = {isa = PBXFileReference; fileEncoding = 4; lastKnownFileType = sourcecode.c.objc; path = WKChildViewController.m; sourceTree = "<group>"; };
		8819EF7C2015EED600E416D4 /* WKChildViewController.h */ = {isa = PBXFileReference; fileEncoding = 4; lastKnownFileType = sourcecode.c.h; path = WKChildViewController.h; sourceTree = "<group>"; };
		8819EF882015F19700E416D4 /* WKAttributdeLblViewController.h */ = {isa = PBXFileReference; lastKnownFileType = sourcecode.c.h; path = WKAttributdeLblViewController.h; sourceTree = "<group>"; };
		8819EF892015F19700E416D4 /* WKAttributdeLblViewController.m */ = {isa = PBXFileReference; lastKnownFileType = sourcecode.c.objc; path = WKAttributdeLblViewController.m; sourceTree = "<group>"; };
		8819EF8A2015F19700E416D4 /* WKAttributdeLblViewController.xib */ = {isa = PBXFileReference; lastKnownFileType = file.xib; path = WKAttributdeLblViewController.xib; sourceTree = "<group>"; };
		882181A12011BFBE002CE791 /* YukiShowPhotoWebViewController.h */ = {isa = PBXFileReference; lastKnownFileType = sourcecode.c.h; path = YukiShowPhotoWebViewController.h; sourceTree = "<group>"; };
		882181A22011BFBE002CE791 /* YukiShowPhotoWebViewController.m */ = {isa = PBXFileReference; lastKnownFileType = sourcecode.c.objc; path = YukiShowPhotoWebViewController.m; sourceTree = "<group>"; };
		88224D3A1FBC0F53003ADDBA /* DogModel.h */ = {isa = PBXFileReference; lastKnownFileType = sourcecode.c.h; path = DogModel.h; sourceTree = "<group>"; };
		88224D3B1FBC0F53003ADDBA /* DogModel.m */ = {isa = PBXFileReference; lastKnownFileType = sourcecode.c.objc; path = DogModel.m; sourceTree = "<group>"; };
		88224D3D1FBC10B3003ADDBA /* YKPerson.h */ = {isa = PBXFileReference; lastKnownFileType = sourcecode.c.h; path = YKPerson.h; sourceTree = "<group>"; };
		88224D3E1FBC10B3003ADDBA /* YKPerson.m */ = {isa = PBXFileReference; lastKnownFileType = sourcecode.c.objc; path = YKPerson.m; sourceTree = "<group>"; };
		88224D401FBC1545003ADDBA /* YKPost.h */ = {isa = PBXFileReference; lastKnownFileType = sourcecode.c.h; path = YKPost.h; sourceTree = "<group>"; };
		88224D411FBC1545003ADDBA /* YKPost.m */ = {isa = PBXFileReference; lastKnownFileType = sourcecode.c.objc; path = YKPost.m; sourceTree = "<group>"; };
		88224D431FBC168F003ADDBA /* YKUser.h */ = {isa = PBXFileReference; lastKnownFileType = sourcecode.c.h; path = YKUser.h; sourceTree = "<group>"; };
		88224D441FBC168F003ADDBA /* YKUser.m */ = {isa = PBXFileReference; lastKnownFileType = sourcecode.c.objc; path = YKUser.m; sourceTree = "<group>"; };
		8891438620450DB100A08ACC /* AttributedLbl.m */ = {isa = PBXFileReference; fileEncoding = 4; lastKnownFileType = sourcecode.c.objc; path = AttributedLbl.m; sourceTree = "<group>"; };
		8891438720450DB100A08ACC /* AttributedLbl.h */ = {isa = PBXFileReference; fileEncoding = 4; lastKnownFileType = sourcecode.c.h; path = AttributedLbl.h; sourceTree = "<group>"; };
		8891438920450DD600A08ACC /* UILabel+YBAttributeTextTapAction.m */ = {isa = PBXFileReference; fileEncoding = 4; lastKnownFileType = sourcecode.c.objc; path = "UILabel+YBAttributeTextTapAction.m"; sourceTree = "<group>"; };
		8891438A20450DD600A08ACC /* UILabel+YBAttributeTextTapAction.h */ = {isa = PBXFileReference; fileEncoding = 4; lastKnownFileType = sourcecode.c.h; path = "UILabel+YBAttributeTextTapAction.h"; sourceTree = "<group>"; };
		8891438D20450E0F00A08ACC /* DCPagerProgressView.m */ = {isa = PBXFileReference; fileEncoding = 4; lastKnownFileType = sourcecode.c.objc; path = DCPagerProgressView.m; sourceTree = "<group>"; };
		8891438E20450E0F00A08ACC /* TitleScrollView.h */ = {isa = PBXFileReference; fileEncoding = 4; lastKnownFileType = sourcecode.c.h; path = TitleScrollView.h; sourceTree = "<group>"; };
		8891438F20450E1000A08ACC /* TitleScrollHelper.m */ = {isa = PBXFileReference; fileEncoding = 4; lastKnownFileType = sourcecode.c.objc; path = TitleScrollHelper.m; sourceTree = "<group>"; };
		8891439020450E1000A08ACC /* DCPagerProgressView.h */ = {isa = PBXFileReference; fileEncoding = 4; lastKnownFileType = sourcecode.c.h; path = DCPagerProgressView.h; sourceTree = "<group>"; };
		8891439120450E1000A08ACC /* TitleScrollView.m */ = {isa = PBXFileReference; fileEncoding = 4; lastKnownFileType = sourcecode.c.objc; path = TitleScrollView.m; sourceTree = "<group>"; };
		8891439220450E1000A08ACC /* UIView+Frame.m */ = {isa = PBXFileReference; fileEncoding = 4; lastKnownFileType = sourcecode.c.objc; path = "UIView+Frame.m"; sourceTree = "<group>"; };
		8891439320450E1000A08ACC /* TitleScrollHelper.h */ = {isa = PBXFileReference; fileEncoding = 4; lastKnownFileType = sourcecode.c.h; path = TitleScrollHelper.h; sourceTree = "<group>"; };
		8891439420450E1000A08ACC /* UIView+Frame.h */ = {isa = PBXFileReference; fileEncoding = 4; lastKnownFileType = sourcecode.c.h; path = "UIView+Frame.h"; sourceTree = "<group>"; };
		8891439A20450E5C00A08ACC /* NSTimer+addition.h */ = {isa = PBXFileReference; fileEncoding = 4; lastKnownFileType = sourcecode.c.h; path = "NSTimer+addition.h"; sourceTree = "<group>"; };
		8891439B20450E5C00A08ACC /* YukiWebProgressLayer.m */ = {isa = PBXFileReference; fileEncoding = 4; lastKnownFileType = sourcecode.c.objc; path = YukiWebProgressLayer.m; sourceTree = "<group>"; };
		8891439C20450E5C00A08ACC /* YukiWebProgressLayer.h */ = {isa = PBXFileReference; fileEncoding = 4; lastKnownFileType = sourcecode.c.h; path = YukiWebProgressLayer.h; sourceTree = "<group>"; };
		8891439D20450E5D00A08ACC /* YukiWebViewController.h */ = {isa = PBXFileReference; fileEncoding = 4; lastKnownFileType = sourcecode.c.h; path = YukiWebViewController.h; sourceTree = "<group>"; };
		8891439E20450E5D00A08ACC /* YukiWebViewController.m */ = {isa = PBXFileReference; fileEncoding = 4; lastKnownFileType = sourcecode.c.objc; path = YukiWebViewController.m; sourceTree = "<group>"; };
		8891439F20450E5D00A08ACC /* NSTimer+addition.m */ = {isa = PBXFileReference; fileEncoding = 4; lastKnownFileType = sourcecode.c.objc; path = "NSTimer+addition.m"; sourceTree = "<group>"; };
		889143A420450E9A00A08ACC /* YukiBaseViewController.m */ = {isa = PBXFileReference; fileEncoding = 4; lastKnownFileType = sourcecode.c.objc; path = YukiBaseViewController.m; sourceTree = "<group>"; };
		889143A520450E9B00A08ACC /* YukiBaseViewController.h */ = {isa = PBXFileReference; fileEncoding = 4; lastKnownFileType = sourcecode.c.h; path = YukiBaseViewController.h; sourceTree = "<group>"; };
		889143A820450EBF00A08ACC /* HSGifHeader.h */ = {isa = PBXFileReference; fileEncoding = 4; lastKnownFileType = sourcecode.c.h; path = HSGifHeader.h; sourceTree = "<group>"; };
		889143A920450EBF00A08ACC /* HSGifHeader.m */ = {isa = PBXFileReference; fileEncoding = 4; lastKnownFileType = sourcecode.c.objc; path = HSGifHeader.m; sourceTree = "<group>"; };
		889143AC20450EE300A08ACC /* WKRequest.h */ = {isa = PBXFileReference; fileEncoding = 4; lastKnownFileType = sourcecode.c.h; path = WKRequest.h; sourceTree = "<group>"; };
		889143AD20450EE300A08ACC /* WKBaseModel.h */ = {isa = PBXFileReference; fileEncoding = 4; lastKnownFileType = sourcecode.c.h; path = WKBaseModel.h; sourceTree = "<group>"; };
		889143AE20450EE300A08ACC /* WKBaseModel.m */ = {isa = PBXFileReference; fileEncoding = 4; lastKnownFileType = sourcecode.c.objc; path = WKBaseModel.m; sourceTree = "<group>"; };
		889143AF20450EE300A08ACC /* WKRequest.m */ = {isa = PBXFileReference; fileEncoding = 4; lastKnownFileType = sourcecode.c.objc; path = WKRequest.m; sourceTree = "<group>"; };
		889143B320450F1C00A08ACC /* WKNavigationController.m */ = {isa = PBXFileReference; fileEncoding = 4; lastKnownFileType = sourcecode.c.objc; path = WKNavigationController.m; sourceTree = "<group>"; };
		889143B420450F1C00A08ACC /* YukiConfig.h */ = {isa = PBXFileReference; fileEncoding = 4; lastKnownFileType = sourcecode.c.h; path = YukiConfig.h; sourceTree = "<group>"; };
		889143B520450F1D00A08ACC /* WKTabbarController.h */ = {isa = PBXFileReference; fileEncoding = 4; lastKnownFileType = sourcecode.c.h; path = WKTabbarController.h; sourceTree = "<group>"; };
		889143B620450F1D00A08ACC /* WKTabbarController.m */ = {isa = PBXFileReference; fileEncoding = 4; lastKnownFileType = sourcecode.c.objc; path = WKTabbarController.m; sourceTree = "<group>"; };
		889143B720450F1D00A08ACC /* WKNavigationController.h */ = {isa = PBXFileReference; fileEncoding = 4; lastKnownFileType = sourcecode.c.h; path = WKNavigationController.h; sourceTree = "<group>"; };
		889143B820450F1D00A08ACC /* YukiHelp.h */ = {isa = PBXFileReference; fileEncoding = 4; lastKnownFileType = sourcecode.c.h; path = YukiHelp.h; sourceTree = "<group>"; };
		889143B920450F1D00A08ACC /* PrefixHeader.pch */ = {isa = PBXFileReference; fileEncoding = 4; lastKnownFileType = sourcecode.c.h; path = PrefixHeader.pch; sourceTree = "<group>"; };
		88A4BAE82015D5D300558559 /* YukiDemoListViewController.h */ = {isa = PBXFileReference; lastKnownFileType = sourcecode.c.h; path = YukiDemoListViewController.h; sourceTree = "<group>"; };
		88A4BAE92015D5D300558559 /* YukiDemoListViewController.m */ = {isa = PBXFileReference; lastKnownFileType = sourcecode.c.objc; path = YukiDemoListViewController.m; sourceTree = "<group>"; };
		88A4BAEA2015D5D300558559 /* YukiDemoListViewController.xib */ = {isa = PBXFileReference; lastKnownFileType = file.xib; path = YukiDemoListViewController.xib; sourceTree = "<group>"; };
		88A4BAF12015DBA000558559 /* YukiCollectionSuspensionViewController.h */ = {isa = PBXFileReference; lastKnownFileType = sourcecode.c.h; path = YukiCollectionSuspensionViewController.h; sourceTree = "<group>"; };
		88A4BAF22015DBA000558559 /* YukiCollectionSuspensionViewController.m */ = {isa = PBXFileReference; lastKnownFileType = sourcecode.c.objc; path = YukiCollectionSuspensionViewController.m; sourceTree = "<group>"; };
		88A4BAF42015DC4100558559 /* YukiCollectionViewFlowLayout.h */ = {isa = PBXFileReference; lastKnownFileType = sourcecode.c.h; path = YukiCollectionViewFlowLayout.h; sourceTree = "<group>"; };
		88A4BAF52015DC4100558559 /* YukiCollectionViewFlowLayout.m */ = {isa = PBXFileReference; lastKnownFileType = sourcecode.c.objc; path = YukiCollectionViewFlowLayout.m; sourceTree = "<group>"; };
		88A4BAF72015DCFA00558559 /* WKCategoryCollectionViewCell.m */ = {isa = PBXFileReference; fileEncoding = 4; lastKnownFileType = sourcecode.c.objc; path = WKCategoryCollectionViewCell.m; sourceTree = "<group>"; };
		88A4BAF82015DCFA00558559 /* WKCategoryCollectionViewCell.h */ = {isa = PBXFileReference; fileEncoding = 4; lastKnownFileType = sourcecode.c.h; path = WKCategoryCollectionViewCell.h; sourceTree = "<group>"; };
		88A4BAF92015DCFA00558559 /* WKCategoryCollectionViewCell.xib */ = {isa = PBXFileReference; fileEncoding = 4; lastKnownFileType = file.xib; path = WKCategoryCollectionViewCell.xib; sourceTree = "<group>"; };
		88A4BAFC2015DD2E00558559 /* WKCateSectionHeadCollectionReusableView.h */ = {isa = PBXFileReference; fileEncoding = 4; lastKnownFileType = sourcecode.c.h; path = WKCateSectionHeadCollectionReusableView.h; sourceTree = "<group>"; };
		88A4BAFD2015DD2E00558559 /* WKCateSectionHeadCollectionReusableView.m */ = {isa = PBXFileReference; fileEncoding = 4; lastKnownFileType = sourcecode.c.objc; path = WKCateSectionHeadCollectionReusableView.m; sourceTree = "<group>"; };
		88A4BAFE2015DD2E00558559 /* WKCateSectionHeadCollectionReusableView.xib */ = {isa = PBXFileReference; fileEncoding = 4; lastKnownFileType = file.xib; path = WKCateSectionHeadCollectionReusableView.xib; sourceTree = "<group>"; };
		88A94BFE1FB44BBF0048B4C2 /* YukiFramework.app */ = {isa = PBXFileReference; explicitFileType = wrapper.application; includeInIndex = 0; path = YukiFramework.app; sourceTree = BUILT_PRODUCTS_DIR; };
		88A94C011FB44BBF0048B4C2 /* AppDelegate.h */ = {isa = PBXFileReference; lastKnownFileType = sourcecode.c.h; path = AppDelegate.h; sourceTree = "<group>"; };
		88A94C021FB44BBF0048B4C2 /* AppDelegate.m */ = {isa = PBXFileReference; lastKnownFileType = sourcecode.c.objc; path = AppDelegate.m; sourceTree = "<group>"; };
		88A94C041FB44BBF0048B4C2 /* ViewController.h */ = {isa = PBXFileReference; lastKnownFileType = sourcecode.c.h; path = ViewController.h; sourceTree = "<group>"; };
		88A94C051FB44BBF0048B4C2 /* ViewController.m */ = {isa = PBXFileReference; lastKnownFileType = sourcecode.c.objc; path = ViewController.m; sourceTree = "<group>"; };
		88A94C081FB44BBF0048B4C2 /* Base */ = {isa = PBXFileReference; lastKnownFileType = file.storyboard; name = Base; path = Base.lproj/Main.storyboard; sourceTree = "<group>"; };
		88A94C0A1FB44BBF0048B4C2 /* Assets.xcassets */ = {isa = PBXFileReference; lastKnownFileType = folder.assetcatalog; path = Assets.xcassets; sourceTree = "<group>"; };
		88A94C0D1FB44BBF0048B4C2 /* Base */ = {isa = PBXFileReference; lastKnownFileType = file.storyboard; name = Base; path = Base.lproj/LaunchScreen.storyboard; sourceTree = "<group>"; };
		88A94C0F1FB44BBF0048B4C2 /* Info.plist */ = {isa = PBXFileReference; lastKnownFileType = text.plist.xml; path = Info.plist; sourceTree = "<group>"; };
		88A94C101FB44BBF0048B4C2 /* main.m */ = {isa = PBXFileReference; lastKnownFileType = sourcecode.c.objc; path = main.m; sourceTree = "<group>"; };
		88A94C161FB44BBF0048B4C2 /* YukiFrameworkTests.xctest */ = {isa = PBXFileReference; explicitFileType = wrapper.cfbundle; includeInIndex = 0; path = YukiFrameworkTests.xctest; sourceTree = BUILT_PRODUCTS_DIR; };
		88A94C1A1FB44BBF0048B4C2 /* YukiFrameworkTests.m */ = {isa = PBXFileReference; lastKnownFileType = sourcecode.c.objc; path = YukiFrameworkTests.m; sourceTree = "<group>"; };
		88A94C1C1FB44BBF0048B4C2 /* Info.plist */ = {isa = PBXFileReference; lastKnownFileType = text.plist.xml; path = Info.plist; sourceTree = "<group>"; };
		88A94C211FB44BBF0048B4C2 /* YukiFrameworkUITests.xctest */ = {isa = PBXFileReference; explicitFileType = wrapper.cfbundle; includeInIndex = 0; path = YukiFrameworkUITests.xctest; sourceTree = BUILT_PRODUCTS_DIR; };
		88A94C251FB44BBF0048B4C2 /* YukiFrameworkUITests.m */ = {isa = PBXFileReference; lastKnownFileType = sourcecode.c.objc; path = YukiFrameworkUITests.m; sourceTree = "<group>"; };
		88A94C271FB44BBF0048B4C2 /* Info.plist */ = {isa = PBXFileReference; lastKnownFileType = text.plist.xml; path = Info.plist; sourceTree = "<group>"; };
		88A94C331FB44C060048B4C2 /* Images.xcassets */ = {isa = PBXFileReference; lastKnownFileType = folder.assetcatalog; path = Images.xcassets; sourceTree = "<group>"; };
		88A94C451FB44E1D0048B4C2 /* YukiHomeViewController.h */ = {isa = PBXFileReference; lastKnownFileType = sourcecode.c.h; path = YukiHomeViewController.h; sourceTree = "<group>"; };
		88A94C461FB44E1D0048B4C2 /* YukiHomeViewController.m */ = {isa = PBXFileReference; lastKnownFileType = sourcecode.c.objc; path = YukiHomeViewController.m; sourceTree = "<group>"; };
		88A94C471FB44E1D0048B4C2 /* YukiHomeViewController.xib */ = {isa = PBXFileReference; lastKnownFileType = file.xib; path = YukiHomeViewController.xib; sourceTree = "<group>"; };
		88A94C4A1FB44E2C0048B4C2 /* YukuClassViewController.h */ = {isa = PBXFileReference; lastKnownFileType = sourcecode.c.h; path = YukuClassViewController.h; sourceTree = "<group>"; };
		88A94C4B1FB44E2C0048B4C2 /* YukuClassViewController.m */ = {isa = PBXFileReference; lastKnownFileType = sourcecode.c.objc; path = YukuClassViewController.m; sourceTree = "<group>"; };
		88A94C4C1FB44E2C0048B4C2 /* YukuClassViewController.xib */ = {isa = PBXFileReference; lastKnownFileType = file.xib; path = YukuClassViewController.xib; sourceTree = "<group>"; };
		88A94C4F1FB44E410048B4C2 /* YukiShoppingCartViewController.h */ = {isa = PBXFileReference; lastKnownFileType = sourcecode.c.h; path = YukiShoppingCartViewController.h; sourceTree = "<group>"; };
		88A94C501FB44E410048B4C2 /* YukiShoppingCartViewController.m */ = {isa = PBXFileReference; lastKnownFileType = sourcecode.c.objc; path = YukiShoppingCartViewController.m; sourceTree = "<group>"; };
		88A94C511FB44E410048B4C2 /* YukiShoppingCartViewController.xib */ = {isa = PBXFileReference; lastKnownFileType = file.xib; path = YukiShoppingCartViewController.xib; sourceTree = "<group>"; };
		88A94C541FB44E510048B4C2 /* YukiUserCenterViewController.h */ = {isa = PBXFileReference; lastKnownFileType = sourcecode.c.h; path = YukiUserCenterViewController.h; sourceTree = "<group>"; };
		88A94C551FB44E510048B4C2 /* YukiUserCenterViewController.m */ = {isa = PBXFileReference; lastKnownFileType = sourcecode.c.objc; path = YukiUserCenterViewController.m; sourceTree = "<group>"; };
		88A94C561FB44E510048B4C2 /* YukiUserCenterViewController.xib */ = {isa = PBXFileReference; lastKnownFileType = file.xib; path = YukiUserCenterViewController.xib; sourceTree = "<group>"; };
		88A94C671FB46E370048B4C2 /* WKHomeFourChooseTableViewCell.xib */ = {isa = PBXFileReference; fileEncoding = 4; lastKnownFileType = file.xib; path = WKHomeFourChooseTableViewCell.xib; sourceTree = "<group>"; };
		88A94C681FB46E370048B4C2 /* WKHomeFourChooseTableViewCell.h */ = {isa = PBXFileReference; fileEncoding = 4; lastKnownFileType = sourcecode.c.h; path = WKHomeFourChooseTableViewCell.h; sourceTree = "<group>"; };
		88A94C691FB46E370048B4C2 /* WKHomeFourChooseTableViewCell.m */ = {isa = PBXFileReference; fileEncoding = 4; lastKnownFileType = sourcecode.c.objc; path = WKHomeFourChooseTableViewCell.m; sourceTree = "<group>"; };
		88C5F5C51FBA95270025D9CA /* HomeModel.h */ = {isa = PBXFileReference; lastKnownFileType = sourcecode.c.h; path = HomeModel.h; sourceTree = "<group>"; };
		88C5F5C61FBA95270025D9CA /* HomeModel.m */ = {isa = PBXFileReference; lastKnownFileType = sourcecode.c.objc; path = HomeModel.m; sourceTree = "<group>"; };
		88C5F5C81FBABBAF0025D9CA /* YKShoppingTableViewCell.h */ = {isa = PBXFileReference; lastKnownFileType = sourcecode.c.h; path = YKShoppingTableViewCell.h; sourceTree = "<group>"; };
		88C5F5C91FBABBAF0025D9CA /* YKShoppingTableViewCell.m */ = {isa = PBXFileReference; lastKnownFileType = sourcecode.c.objc; path = YKShoppingTableViewCell.m; sourceTree = "<group>"; };
		88C5F5CA1FBABBAF0025D9CA /* YKShoppingTableViewCell.xib */ = {isa = PBXFileReference; lastKnownFileType = file.xib; path = YKShoppingTableViewCell.xib; sourceTree = "<group>"; };
		88C5F5DD1FBAC3C60025D9CA /* YKShopModel.h */ = {isa = PBXFileReference; lastKnownFileType = sourcecode.c.h; path = YKShopModel.h; sourceTree = "<group>"; };
		88C5F5DE1FBAC3C60025D9CA /* YKShopModel.m */ = {isa = PBXFileReference; lastKnownFileType = sourcecode.c.objc; path = YKShopModel.m; sourceTree = "<group>"; };
		88C5F5E01FBAC79E0025D9CA /* YKShopHeadView.h */ = {isa = PBXFileReference; lastKnownFileType = sourcecode.c.h; path = YKShopHeadView.h; sourceTree = "<group>"; };
		88C5F5E11FBAC79E0025D9CA /* YKShopHeadView.m */ = {isa = PBXFileReference; lastKnownFileType = sourcecode.c.objc; path = YKShopHeadView.m; sourceTree = "<group>"; };
		88C5F5E31FBAC7A60025D9CA /* YKShopHeadView.xib */ = {isa = PBXFileReference; lastKnownFileType = file.xib; path = YKShopHeadView.xib; sourceTree = "<group>"; };
		88C5F5E51FBACB410025D9CA /* YKShopListViewController.h */ = {isa = PBXFileReference; lastKnownFileType = sourcecode.c.h; path = YKShopListViewController.h; sourceTree = "<group>"; };
		88C5F5E61FBACB410025D9CA /* YKShopListViewController.m */ = {isa = PBXFileReference; lastKnownFileType = sourcecode.c.objc; path = YKShopListViewController.m; sourceTree = "<group>"; };
		88C5F5E71FBACB410025D9CA /* YKShopListViewController.xib */ = {isa = PBXFileReference; lastKnownFileType = file.xib; path = YKShopListViewController.xib; sourceTree = "<group>"; };
		88C5F5EA1FBACD0D0025D9CA /* YKShopStepTableViewCell.h */ = {isa = PBXFileReference; lastKnownFileType = sourcecode.c.h; path = YKShopStepTableViewCell.h; sourceTree = "<group>"; };
		88C5F5EB1FBACD0D0025D9CA /* YKShopStepTableViewCell.m */ = {isa = PBXFileReference; lastKnownFileType = sourcecode.c.objc; path = YKShopStepTableViewCell.m; sourceTree = "<group>"; };
		88C5F5EC1FBACD0D0025D9CA /* YKShopStepTableViewCell.xib */ = {isa = PBXFileReference; lastKnownFileType = file.xib; path = YKShopStepTableViewCell.xib; sourceTree = "<group>"; };
		88C5F5EF1FBAD1630025D9CA /* YKShopListModel.h */ = {isa = PBXFileReference; lastKnownFileType = sourcecode.c.h; path = YKShopListModel.h; sourceTree = "<group>"; };
		88C5F5F01FBAD1630025D9CA /* YKShopListModel.m */ = {isa = PBXFileReference; lastKnownFileType = sourcecode.c.objc; path = YKShopListModel.m; sourceTree = "<group>"; };
		88C5F5F21FBAD8B30025D9CA /* YKShopListHeadView.h */ = {isa = PBXFileReference; lastKnownFileType = sourcecode.c.h; path = YKShopListHeadView.h; sourceTree = "<group>"; };
		88C5F5F31FBAD8B30025D9CA /* YKShopListHeadView.m */ = {isa = PBXFileReference; lastKnownFileType = sourcecode.c.objc; path = YKShopListHeadView.m; sourceTree = "<group>"; };
		88C5F5F51FBAD8BC0025D9CA /* YKShopListHeadView.xib */ = {isa = PBXFileReference; lastKnownFileType = file.xib; path = YKShopListHeadView.xib; sourceTree = "<group>"; };
		88CA6E142046A76500DECFF3 /* StaticText.h */ = {isa = PBXFileReference; fileEncoding = 4; lastKnownFileType = sourcecode.c.h; path = StaticText.h; sourceTree = "<group>"; };
		88CA6E152046A76600DECFF3 /* libStaticText.a */ = {isa = PBXFileReference; lastKnownFileType = archive.ar; path = libStaticText.a; sourceTree = "<group>"; };
		88CA6E172046A7AE00DECFF3 /* YukiStaticLibraryViewController.h */ = {isa = PBXFileReference; lastKnownFileType = sourcecode.c.h; path = YukiStaticLibraryViewController.h; sourceTree = "<group>"; };
		88CA6E182046A7AE00DECFF3 /* YukiStaticLibraryViewController.m */ = {isa = PBXFileReference; lastKnownFileType = sourcecode.c.objc; path = YukiStaticLibraryViewController.m; sourceTree = "<group>"; };
		B776A9DD4D2D5C7D54CA6F17 /* Pods-YukiFramework.debug.xcconfig */ = {isa = PBXFileReference; includeInIndex = 1; lastKnownFileType = text.xcconfig; name = "Pods-YukiFramework.debug.xcconfig"; path = "Pods/Target Support Files/Pods-YukiFramework/Pods-YukiFramework.debug.xcconfig"; sourceTree = "<group>"; };
/* End PBXFileReference section */

/* Begin PBXFrameworksBuildPhase section */
		88A94BFB1FB44BBF0048B4C2 /* Frameworks */ = {
			isa = PBXFrameworksBuildPhase;
			buildActionMask = 2147483647;
			files = (
				88CA6E162046A76600DECFF3 /* libStaticText.a in Frameworks */,
				39F97A6C2D0881FB1BF93EC3 /* libPods-YukiFramework.a in Frameworks */,
			);
			runOnlyForDeploymentPostprocessing = 0;
		};
		88A94C131FB44BBF0048B4C2 /* Frameworks */ = {
			isa = PBXFrameworksBuildPhase;
			buildActionMask = 2147483647;
			files = (
			);
			runOnlyForDeploymentPostprocessing = 0;
		};
		88A94C1E1FB44BBF0048B4C2 /* Frameworks */ = {
			isa = PBXFrameworksBuildPhase;
			buildActionMask = 2147483647;
			files = (
			);
			runOnlyForDeploymentPostprocessing = 0;
		};
/* End PBXFrameworksBuildPhase section */

/* Begin PBXGroup section */
		0D1591883255E7B200D21670 /* Frameworks */ = {
			isa = PBXGroup;
			children = (
				140A9E1D73BA201E617FF81A /* libPods-YukiFramework.a */,
			);
			name = Frameworks;
			sourceTree = "<group>";
		};
		8891438420450C1D00A08ACC /* Tools */ = {
			isa = PBXGroup;
			children = (
				88CA6E132046A6FA00DECFF3 /* StaticLibrary */,
				889143B220450EFD00A08ACC /* TabbarAndNavBar */,
				889143AB20450ECE00A08ACC /* WKRequest */,
				889143A720450EAE00A08ACC /* mj 自定义动画 */,
				889143A320450E8800A08ACC /* YukiBase */,
				8891439920450E3300A08ACC /* BaseWebView */,
				8891438C20450DE700A08ACC /* TitleScrollView */,
				8891438520450C3000A08ACC /* AttributedString */,
			);
			path = Tools;
			sourceTree = "<group>";
		};
		8891438520450C3000A08ACC /* AttributedString */ = {
			isa = PBXGroup;
			children = (
				8891438720450DB100A08ACC /* AttributedLbl.h */,
				8891438620450DB100A08ACC /* AttributedLbl.m */,
				8891438A20450DD600A08ACC /* UILabel+YBAttributeTextTapAction.h */,
				8891438920450DD600A08ACC /* UILabel+YBAttributeTextTapAction.m */,
			);
			path = AttributedString;
			sourceTree = "<group>";
		};
		8891438C20450DE700A08ACC /* TitleScrollView */ = {
			isa = PBXGroup;
			children = (
				8891439020450E1000A08ACC /* DCPagerProgressView.h */,
				8891438D20450E0F00A08ACC /* DCPagerProgressView.m */,
				8891439320450E1000A08ACC /* TitleScrollHelper.h */,
				8891438F20450E1000A08ACC /* TitleScrollHelper.m */,
				8891438E20450E0F00A08ACC /* TitleScrollView.h */,
				8891439120450E1000A08ACC /* TitleScrollView.m */,
				8891439420450E1000A08ACC /* UIView+Frame.h */,
				8891439220450E1000A08ACC /* UIView+Frame.m */,
			);
			path = TitleScrollView;
			sourceTree = "<group>";
		};
		8891439920450E3300A08ACC /* BaseWebView */ = {
			isa = PBXGroup;
			children = (
				8891439A20450E5C00A08ACC /* NSTimer+addition.h */,
				8891439F20450E5D00A08ACC /* NSTimer+addition.m */,
				8891439C20450E5C00A08ACC /* YukiWebProgressLayer.h */,
				8891439B20450E5C00A08ACC /* YukiWebProgressLayer.m */,
				8891439D20450E5D00A08ACC /* YukiWebViewController.h */,
				8891439E20450E5D00A08ACC /* YukiWebViewController.m */,
			);
			path = BaseWebView;
			sourceTree = "<group>";
		};
		889143A320450E8800A08ACC /* YukiBase */ = {
			isa = PBXGroup;
			children = (
				889143A520450E9B00A08ACC /* YukiBaseViewController.h */,
				889143A420450E9A00A08ACC /* YukiBaseViewController.m */,
			);
			path = YukiBase;
			sourceTree = "<group>";
		};
		889143A720450EAE00A08ACC /* mj 自定义动画 */ = {
			isa = PBXGroup;
			children = (
				889143A820450EBF00A08ACC /* HSGifHeader.h */,
				889143A920450EBF00A08ACC /* HSGifHeader.m */,
			);
			path = "mj 自定义动画";
			sourceTree = "<group>";
		};
		889143AB20450ECE00A08ACC /* WKRequest */ = {
			isa = PBXGroup;
			children = (
				889143AD20450EE300A08ACC /* WKBaseModel.h */,
				889143AE20450EE300A08ACC /* WKBaseModel.m */,
				889143AC20450EE300A08ACC /* WKRequest.h */,
				889143AF20450EE300A08ACC /* WKRequest.m */,
			);
			path = WKRequest;
			sourceTree = "<group>";
		};
		889143B220450EFD00A08ACC /* TabbarAndNavBar */ = {
			isa = PBXGroup;
			children = (
				889143B720450F1D00A08ACC /* WKNavigationController.h */,
				889143B320450F1C00A08ACC /* WKNavigationController.m */,
				889143B520450F1D00A08ACC /* WKTabbarController.h */,
				889143B620450F1D00A08ACC /* WKTabbarController.m */,
				889143B420450F1C00A08ACC /* YukiConfig.h */,
				889143B820450F1D00A08ACC /* YukiHelp.h */,
				889143B920450F1D00A08ACC /* PrefixHeader.pch */,
			);
			path = TabbarAndNavBar;
			sourceTree = "<group>";
		};
		88A4BAED2015DB1100558559 /* Dome */ = {
			isa = PBXGroup;
			children = (
				88A4BAF02015DB3600558559 /* Controller */,
				88A4BAEF2015DB2E00558559 /* Model */,
				88A4BAEE2015DB2600558559 /* View */,
			);
			path = Dome;
			sourceTree = "<group>";
		};
		88A4BAEE2015DB2600558559 /* View */ = {
			isa = PBXGroup;
			children = (
				88A4BAF42015DC4100558559 /* YukiCollectionViewFlowLayout.h */,
				88A4BAF52015DC4100558559 /* YukiCollectionViewFlowLayout.m */,
				88A4BAF82015DCFA00558559 /* WKCategoryCollectionViewCell.h */,
				88A4BAF72015DCFA00558559 /* WKCategoryCollectionViewCell.m */,
				88A4BAF92015DCFA00558559 /* WKCategoryCollectionViewCell.xib */,
				88A4BAFC2015DD2E00558559 /* WKCateSectionHeadCollectionReusableView.h */,
				88A4BAFD2015DD2E00558559 /* WKCateSectionHeadCollectionReusableView.m */,
				88A4BAFE2015DD2E00558559 /* WKCateSectionHeadCollectionReusableView.xib */,
			);
			path = View;
			sourceTree = "<group>";
		};
		88A4BAEF2015DB2E00558559 /* Model */ = {
			isa = PBXGroup;
			children = (
			);
			path = Model;
			sourceTree = "<group>";
		};
		88A4BAF02015DB3600558559 /* Controller */ = {
			isa = PBXGroup;
			children = (
				88CA6E122046A6D000DECFF3 /* 制作静态庫 */,
				88CA6E112046827F00DECFF3 /* 富文本 */,
				88CA6E102046822600DECFF3 /* TitleScorll */,
				88CA6E0F2046820300DECFF3 /* CollectionView 头部悬浮 */,
			);
			path = Controller;
			sourceTree = "<group>";
		};
		88A94BF51FB44BBF0048B4C2 = {
			isa = PBXGroup;
			children = (
				88A94C001FB44BBF0048B4C2 /* YukiFramework */,
				88A94C191FB44BBF0048B4C2 /* YukiFrameworkTests */,
				88A94C241FB44BBF0048B4C2 /* YukiFrameworkUITests */,
				88A94BFF1FB44BBF0048B4C2 /* Products */,
				8D8E5D7F9A1817AC3F9E2DED /* Pods */,
				0D1591883255E7B200D21670 /* Frameworks */,
			);
			sourceTree = "<group>";
		};
		88A94BFF1FB44BBF0048B4C2 /* Products */ = {
			isa = PBXGroup;
			children = (
				88A94BFE1FB44BBF0048B4C2 /* YukiFramework.app */,
				88A94C161FB44BBF0048B4C2 /* YukiFrameworkTests.xctest */,
				88A94C211FB44BBF0048B4C2 /* YukiFrameworkUITests.xctest */,
			);
			name = Products;
			sourceTree = "<group>";
		};
		88A94C001FB44BBF0048B4C2 /* YukiFramework */ = {
			isa = PBXGroup;
			children = (
				88A94C351FB44D450048B4C2 /* UI */,
				88A94C011FB44BBF0048B4C2 /* AppDelegate.h */,
				88A94C021FB44BBF0048B4C2 /* AppDelegate.m */,
				88A94C041FB44BBF0048B4C2 /* ViewController.h */,
				88A94C051FB44BBF0048B4C2 /* ViewController.m */,
				88A94C071FB44BBF0048B4C2 /* Main.storyboard */,
				88A94C0A1FB44BBF0048B4C2 /* Assets.xcassets */,
				88A94C0C1FB44BBF0048B4C2 /* LaunchScreen.storyboard */,
				88A94C0F1FB44BBF0048B4C2 /* Info.plist */,
				88A94C101FB44BBF0048B4C2 /* main.m */,
				88A94C331FB44C060048B4C2 /* Images.xcassets */,
				8891438420450C1D00A08ACC /* Tools */,
			);
			path = YukiFramework;
			sourceTree = "<group>";
		};
		88A94C191FB44BBF0048B4C2 /* YukiFrameworkTests */ = {
			isa = PBXGroup;
			children = (
				88A94C1A1FB44BBF0048B4C2 /* YukiFrameworkTests.m */,
				88A94C1C1FB44BBF0048B4C2 /* Info.plist */,
			);
			path = YukiFrameworkTests;
			sourceTree = "<group>";
		};
		88A94C241FB44BBF0048B4C2 /* YukiFrameworkUITests */ = {
			isa = PBXGroup;
			children = (
				88A94C251FB44BBF0048B4C2 /* YukiFrameworkUITests.m */,
				88A94C271FB44BBF0048B4C2 /* Info.plist */,
			);
			path = YukiFrameworkUITests;
			sourceTree = "<group>";
		};
		88A94C351FB44D450048B4C2 /* UI */ = {
			isa = PBXGroup;
			children = (
				88A4BAED2015DB1100558559 /* Dome */,
				88C5F5CD1FBAC25E0025D9CA /* Home */,
				88C5F5D11FBAC2C00025D9CA /* Class */,
				88C5F5D51FBAC31F0025D9CA /* ShoppingCart */,
				88C5F5D91FBAC3380025D9CA /* UserCenter */,
			);
			path = UI;
			sourceTree = "<group>";
		};
		88C5F5CD1FBAC25E0025D9CA /* Home */ = {
			isa = PBXGroup;
			children = (
				88C5F5D01FBAC2800025D9CA /* View */,
				88C5F5CF1FBAC2730025D9CA /* Controller */,
				88C5F5CE1FBAC2650025D9CA /* Model */,
			);
			path = Home;
			sourceTree = "<group>";
		};
		88C5F5CE1FBAC2650025D9CA /* Model */ = {
			isa = PBXGroup;
			children = (
				88C5F5C51FBA95270025D9CA /* HomeModel.h */,
				88C5F5C61FBA95270025D9CA /* HomeModel.m */,
			);
			path = Model;
			sourceTree = "<group>";
		};
		88C5F5CF1FBAC2730025D9CA /* Controller */ = {
			isa = PBXGroup;
			children = (
				88A94C451FB44E1D0048B4C2 /* YukiHomeViewController.h */,
				88A94C461FB44E1D0048B4C2 /* YukiHomeViewController.m */,
				88A94C471FB44E1D0048B4C2 /* YukiHomeViewController.xib */,
				88A4BAE82015D5D300558559 /* YukiDemoListViewController.h */,
				88A4BAE92015D5D300558559 /* YukiDemoListViewController.m */,
				88A4BAEA2015D5D300558559 /* YukiDemoListViewController.xib */,
			);
			path = Controller;
			sourceTree = "<group>";
		};
		88C5F5D01FBAC2800025D9CA /* View */ = {
			isa = PBXGroup;
			children = (
				88A94C681FB46E370048B4C2 /* WKHomeFourChooseTableViewCell.h */,
				88A94C691FB46E370048B4C2 /* WKHomeFourChooseTableViewCell.m */,
				88A94C671FB46E370048B4C2 /* WKHomeFourChooseTableViewCell.xib */,
			);
			path = View;
			sourceTree = "<group>";
		};
		88C5F5D11FBAC2C00025D9CA /* Class */ = {
			isa = PBXGroup;
			children = (
				88C5F5D41FBAC2E30025D9CA /* View */,
				88C5F5D31FBAC2DA0025D9CA /* Model */,
				88C5F5D21FBAC2C90025D9CA /* Controller */,
			);
			path = Class;
			sourceTree = "<group>";
		};
		88C5F5D21FBAC2C90025D9CA /* Controller */ = {
			isa = PBXGroup;
			children = (
				88A94C4A1FB44E2C0048B4C2 /* YukuClassViewController.h */,
				88A94C4B1FB44E2C0048B4C2 /* YukuClassViewController.m */,
				88A94C4C1FB44E2C0048B4C2 /* YukuClassViewController.xib */,
			);
			path = Controller;
			sourceTree = "<group>";
		};
		88C5F5D31FBAC2DA0025D9CA /* Model */ = {
			isa = PBXGroup;
			children = (
			);
			path = Model;
			sourceTree = "<group>";
		};
		88C5F5D41FBAC2E30025D9CA /* View */ = {
			isa = PBXGroup;
			children = (
			);
			path = View;
			sourceTree = "<group>";
		};
		88C5F5D51FBAC31F0025D9CA /* ShoppingCart */ = {
			isa = PBXGroup;
			children = (
				88C5F5D81FBAC3280025D9CA /* View */,
				88C5F5D71FBAC3250025D9CA /* Model */,
				88C5F5D61FBAC3220025D9CA /* Controller */,
			);
			path = ShoppingCart;
			sourceTree = "<group>";
		};
		88C5F5D61FBAC3220025D9CA /* Controller */ = {
			isa = PBXGroup;
			children = (
				88A94C4F1FB44E410048B4C2 /* YukiShoppingCartViewController.h */,
				88A94C501FB44E410048B4C2 /* YukiShoppingCartViewController.m */,
				88A94C511FB44E410048B4C2 /* YukiShoppingCartViewController.xib */,
				88C5F5E51FBACB410025D9CA /* YKShopListViewController.h */,
				88C5F5E61FBACB410025D9CA /* YKShopListViewController.m */,
				88C5F5E71FBACB410025D9CA /* YKShopListViewController.xib */,
			);
			path = Controller;
			sourceTree = "<group>";
		};
		88C5F5D71FBAC3250025D9CA /* Model */ = {
			isa = PBXGroup;
			children = (
				88C5F5DD1FBAC3C60025D9CA /* YKShopModel.h */,
				88C5F5DE1FBAC3C60025D9CA /* YKShopModel.m */,
				88C5F5EF1FBAD1630025D9CA /* YKShopListModel.h */,
				88C5F5F01FBAD1630025D9CA /* YKShopListModel.m */,
			);
			path = Model;
			sourceTree = "<group>";
		};
		88C5F5D81FBAC3280025D9CA /* View */ = {
			isa = PBXGroup;
			children = (
				88C5F5C81FBABBAF0025D9CA /* YKShoppingTableViewCell.h */,
				88C5F5C91FBABBAF0025D9CA /* YKShoppingTableViewCell.m */,
				88C5F5CA1FBABBAF0025D9CA /* YKShoppingTableViewCell.xib */,
				88C5F5E01FBAC79E0025D9CA /* YKShopHeadView.h */,
				88C5F5E11FBAC79E0025D9CA /* YKShopHeadView.m */,
				88C5F5E31FBAC7A60025D9CA /* YKShopHeadView.xib */,
				88C5F5EA1FBACD0D0025D9CA /* YKShopStepTableViewCell.h */,
				88C5F5EB1FBACD0D0025D9CA /* YKShopStepTableViewCell.m */,
				88C5F5EC1FBACD0D0025D9CA /* YKShopStepTableViewCell.xib */,
				88C5F5F21FBAD8B30025D9CA /* YKShopListHeadView.h */,
				88C5F5F31FBAD8B30025D9CA /* YKShopListHeadView.m */,
				88C5F5F51FBAD8BC0025D9CA /* YKShopListHeadView.xib */,
			);
			path = View;
			sourceTree = "<group>";
		};
		88C5F5D91FBAC3380025D9CA /* UserCenter */ = {
			isa = PBXGroup;
			children = (
				88C5F5DC1FBAC3480025D9CA /* View */,
				88C5F5DB1FBAC3440025D9CA /* Model */,
				88C5F5DA1FBAC3410025D9CA /* Controller */,
			);
			path = UserCenter;
			sourceTree = "<group>";
		};
		88C5F5DA1FBAC3410025D9CA /* Controller */ = {
			isa = PBXGroup;
			children = (
				88A94C541FB44E510048B4C2 /* YukiUserCenterViewController.h */,
				88A94C551FB44E510048B4C2 /* YukiUserCenterViewController.m */,
				88A94C561FB44E510048B4C2 /* YukiUserCenterViewController.xib */,
				882181A12011BFBE002CE791 /* YukiShowPhotoWebViewController.h */,
				882181A22011BFBE002CE791 /* YukiShowPhotoWebViewController.m */,
			);
			path = Controller;
			sourceTree = "<group>";
		};
		88C5F5DB1FBAC3440025D9CA /* Model */ = {
			isa = PBXGroup;
			children = (
				88224D3A1FBC0F53003ADDBA /* DogModel.h */,
				88224D3B1FBC0F53003ADDBA /* DogModel.m */,
				88224D3D1FBC10B3003ADDBA /* YKPerson.h */,
				88224D3E1FBC10B3003ADDBA /* YKPerson.m */,
				88224D401FBC1545003ADDBA /* YKPost.h */,
				88224D411FBC1545003ADDBA /* YKPost.m */,
				88224D431FBC168F003ADDBA /* YKUser.h */,
				88224D441FBC168F003ADDBA /* YKUser.m */,
			);
			path = Model;
			sourceTree = "<group>";
		};
		88C5F5DC1FBAC3480025D9CA /* View */ = {
			isa = PBXGroup;
			children = (
			);
			path = View;
			sourceTree = "<group>";
		};
		88CA6E0F2046820300DECFF3 /* CollectionView 头部悬浮 */ = {
			isa = PBXGroup;
			children = (
				88A4BAF12015DBA000558559 /* YukiCollectionSuspensionViewController.h */,
				88A4BAF22015DBA000558559 /* YukiCollectionSuspensionViewController.m */,
			);
			path = "CollectionView 头部悬浮";
			sourceTree = "<group>";
		};
		88CA6E102046822600DECFF3 /* TitleScorll */ = {
			isa = PBXGroup;
			children = (
				8819EF782015EE1D00E416D4 /* YukiTitleScorllViewController.h */,
				8819EF792015EE1D00E416D4 /* YukiTitleScorllViewController.m */,
				8819EF7B2015EED600E416D4 /* WKChildViewController.m */,
				8819EF7C2015EED600E416D4 /* WKChildViewController.h */,
			);
			path = TitleScorll;
			sourceTree = "<group>";
		};
		88CA6E112046827F00DECFF3 /* 富文本 */ = {
			isa = PBXGroup;
			children = (
				8819EF882015F19700E416D4 /* WKAttributdeLblViewController.h */,
				8819EF892015F19700E416D4 /* WKAttributdeLblViewController.m */,
				8819EF8A2015F19700E416D4 /* WKAttributdeLblViewController.xib */,
			);
			path = "富文本";
			sourceTree = "<group>";
		};
		88CA6E122046A6D000DECFF3 /* 制作静态庫 */ = {
			isa = PBXGroup;
			children = (
				88CA6E172046A7AE00DECFF3 /* YukiStaticLibraryViewController.h */,
				88CA6E182046A7AE00DECFF3 /* YukiStaticLibraryViewController.m */,
			);
			path = "制作静态庫";
			sourceTree = "<group>";
		};
		88CA6E132046A6FA00DECFF3 /* StaticLibrary */ = {
			isa = PBXGroup;
			children = (
				88CA6E152046A76600DECFF3 /* libStaticText.a */,
				88CA6E142046A76500DECFF3 /* StaticText.h */,
			);
			path = StaticLibrary;
			sourceTree = "<group>";
		};
		8D8E5D7F9A1817AC3F9E2DED /* Pods */ = {
			isa = PBXGroup;
			children = (
				B776A9DD4D2D5C7D54CA6F17 /* Pods-YukiFramework.debug.xcconfig */,
				4B319400642AAD808E5D75F4 /* Pods-YukiFramework.release.xcconfig */,
			);
			name = Pods;
			sourceTree = "<group>";
		};
/* End PBXGroup section */

/* Begin PBXNativeTarget section */
		88A94BFD1FB44BBF0048B4C2 /* YukiFramework */ = {
			isa = PBXNativeTarget;
			buildConfigurationList = 88A94C2A1FB44BBF0048B4C2 /* Build configuration list for PBXNativeTarget "YukiFramework" */;
			buildPhases = (
				9AA91D6761D691A201581E13 /* [CP] Check Pods Manifest.lock */,
				88A94BFA1FB44BBF0048B4C2 /* Sources */,
				88A94BFB1FB44BBF0048B4C2 /* Frameworks */,
				88A94BFC1FB44BBF0048B4C2 /* Resources */,
				1DBD8E85F4D7061C5F328207 /* [CP] Embed Pods Frameworks */,
				E7849E6D2B06A49A3B675D93 /* [CP] Copy Pods Resources */,
			);
			buildRules = (
			);
			dependencies = (
			);
			name = YukiFramework;
			productName = YukiFramework;
			productReference = 88A94BFE1FB44BBF0048B4C2 /* YukiFramework.app */;
			productType = "com.apple.product-type.application";
		};
		88A94C151FB44BBF0048B4C2 /* YukiFrameworkTests */ = {
			isa = PBXNativeTarget;
			buildConfigurationList = 88A94C2D1FB44BBF0048B4C2 /* Build configuration list for PBXNativeTarget "YukiFrameworkTests" */;
			buildPhases = (
				88A94C121FB44BBF0048B4C2 /* Sources */,
				88A94C131FB44BBF0048B4C2 /* Frameworks */,
				88A94C141FB44BBF0048B4C2 /* Resources */,
			);
			buildRules = (
			);
			dependencies = (
				88A94C181FB44BBF0048B4C2 /* PBXTargetDependency */,
			);
			name = YukiFrameworkTests;
			productName = YukiFrameworkTests;
			productReference = 88A94C161FB44BBF0048B4C2 /* YukiFrameworkTests.xctest */;
			productType = "com.apple.product-type.bundle.unit-test";
		};
		88A94C201FB44BBF0048B4C2 /* YukiFrameworkUITests */ = {
			isa = PBXNativeTarget;
			buildConfigurationList = 88A94C301FB44BBF0048B4C2 /* Build configuration list for PBXNativeTarget "YukiFrameworkUITests" */;
			buildPhases = (
				88A94C1D1FB44BBF0048B4C2 /* Sources */,
				88A94C1E1FB44BBF0048B4C2 /* Frameworks */,
				88A94C1F1FB44BBF0048B4C2 /* Resources */,
			);
			buildRules = (
			);
			dependencies = (
				88A94C231FB44BBF0048B4C2 /* PBXTargetDependency */,
			);
			name = YukiFrameworkUITests;
			productName = YukiFrameworkUITests;
			productReference = 88A94C211FB44BBF0048B4C2 /* YukiFrameworkUITests.xctest */;
			productType = "com.apple.product-type.bundle.ui-testing";
		};
/* End PBXNativeTarget section */

/* Begin PBXProject section */
		88A94BF61FB44BBF0048B4C2 /* Project object */ = {
			isa = PBXProject;
			attributes = {
				LastUpgradeCheck = 0910;
				ORGANIZATIONNAME = wy;
				TargetAttributes = {
					88A94BFD1FB44BBF0048B4C2 = {
						CreatedOnToolsVersion = 9.1;
						LastSwiftMigration = 0910;
						ProvisioningStyle = Automatic;
					};
					88A94C151FB44BBF0048B4C2 = {
						CreatedOnToolsVersion = 9.1;
						ProvisioningStyle = Automatic;
						TestTargetID = 88A94BFD1FB44BBF0048B4C2;
					};
					88A94C201FB44BBF0048B4C2 = {
						CreatedOnToolsVersion = 9.1;
						ProvisioningStyle = Automatic;
						TestTargetID = 88A94BFD1FB44BBF0048B4C2;
					};
				};
			};
			buildConfigurationList = 88A94BF91FB44BBF0048B4C2 /* Build configuration list for PBXProject "YukiFramework" */;
			compatibilityVersion = "Xcode 8.0";
			developmentRegion = en;
			hasScannedForEncodings = 0;
			knownRegions = (
				en,
				Base,
			);
			mainGroup = 88A94BF51FB44BBF0048B4C2;
			productRefGroup = 88A94BFF1FB44BBF0048B4C2 /* Products */;
			projectDirPath = "";
			projectRoot = "";
			targets = (
				88A94BFD1FB44BBF0048B4C2 /* YukiFramework */,
				88A94C151FB44BBF0048B4C2 /* YukiFrameworkTests */,
				88A94C201FB44BBF0048B4C2 /* YukiFrameworkUITests */,
			);
		};
/* End PBXProject section */

/* Begin PBXResourcesBuildPhase section */
		88A94BFC1FB44BBF0048B4C2 /* Resources */ = {
			isa = PBXResourcesBuildPhase;
			buildActionMask = 2147483647;
			files = (
				88A4BAFB2015DCFA00558559 /* WKCategoryCollectionViewCell.xib in Resources */,
				88C5F5F61FBAD8BC0025D9CA /* YKShopListHeadView.xib in Resources */,
				88A94C0E1FB44BBF0048B4C2 /* LaunchScreen.storyboard in Resources */,
				88A94C6A1FB46E380048B4C2 /* WKHomeFourChooseTableViewCell.xib in Resources */,
				88A94C4E1FB44E2C0048B4C2 /* YukuClassViewController.xib in Resources */,
				88A94C341FB44C060048B4C2 /* Images.xcassets in Resources */,
				88A94C0B1FB44BBF0048B4C2 /* Assets.xcassets in Resources */,
				8819EF8C2015F19800E416D4 /* WKAttributdeLblViewController.xib in Resources */,
				88A94C581FB44E510048B4C2 /* YukiUserCenterViewController.xib in Resources */,
				88A94C091FB44BBF0048B4C2 /* Main.storyboard in Resources */,
				88A94C531FB44E410048B4C2 /* YukiShoppingCartViewController.xib in Resources */,
				88A4BAEC2015D5D300558559 /* YukiDemoListViewController.xib in Resources */,
				88A94C491FB44E1D0048B4C2 /* YukiHomeViewController.xib in Resources */,
				88C5F5CC1FBABBAF0025D9CA /* YKShoppingTableViewCell.xib in Resources */,
				88C5F5E91FBACB410025D9CA /* YKShopListViewController.xib in Resources */,
				88A4BB002015DD2F00558559 /* WKCateSectionHeadCollectionReusableView.xib in Resources */,
				88C5F5E41FBAC7A60025D9CA /* YKShopHeadView.xib in Resources */,
				88C5F5EE1FBACD0D0025D9CA /* YKShopStepTableViewCell.xib in Resources */,
			);
			runOnlyForDeploymentPostprocessing = 0;
		};
		88A94C141FB44BBF0048B4C2 /* Resources */ = {
			isa = PBXResourcesBuildPhase;
			buildActionMask = 2147483647;
			files = (
			);
			runOnlyForDeploymentPostprocessing = 0;
		};
		88A94C1F1FB44BBF0048B4C2 /* Resources */ = {
			isa = PBXResourcesBuildPhase;
			buildActionMask = 2147483647;
			files = (
			);
			runOnlyForDeploymentPostprocessing = 0;
		};
/* End PBXResourcesBuildPhase section */

/* Begin PBXShellScriptBuildPhase section */
		1DBD8E85F4D7061C5F328207 /* [CP] Embed Pods Frameworks */ = {
			isa = PBXShellScriptBuildPhase;
			buildActionMask = 2147483647;
			files = (
			);
			inputPaths = (
			);
			name = "[CP] Embed Pods Frameworks";
			outputPaths = (
			);
			runOnlyForDeploymentPostprocessing = 0;
			shellPath = /bin/sh;
			shellScript = "\"${SRCROOT}/Pods/Target Support Files/Pods-YukiFramework/Pods-YukiFramework-frameworks.sh\"\n";
			showEnvVarsInLog = 0;
		};
		9AA91D6761D691A201581E13 /* [CP] Check Pods Manifest.lock */ = {
			isa = PBXShellScriptBuildPhase;
			buildActionMask = 2147483647;
			files = (
			);
			inputPaths = (
				"${PODS_PODFILE_DIR_PATH}/Podfile.lock",
				"${PODS_ROOT}/Manifest.lock",
			);
			name = "[CP] Check Pods Manifest.lock";
			outputPaths = (
				"$(DERIVED_FILE_DIR)/Pods-YukiFramework-checkManifestLockResult.txt",
			);
			runOnlyForDeploymentPostprocessing = 0;
			shellPath = /bin/sh;
			shellScript = "diff \"${PODS_PODFILE_DIR_PATH}/Podfile.lock\" \"${PODS_ROOT}/Manifest.lock\" > /dev/null\nif [ $? != 0 ] ; then\n    # print error to STDERR\n    echo \"error: The sandbox is not in sync with the Podfile.lock. Run 'pod install' or update your CocoaPods installation.\" >&2\n    exit 1\nfi\n# This output is used by Xcode 'outputs' to avoid re-running this script phase.\necho \"SUCCESS\" > \"${SCRIPT_OUTPUT_FILE_0}\"\n";
			showEnvVarsInLog = 0;
		};
		E7849E6D2B06A49A3B675D93 /* [CP] Copy Pods Resources */ = {
			isa = PBXShellScriptBuildPhase;
			buildActionMask = 2147483647;
			files = (
			);
			inputPaths = (
				"${SRCROOT}/Pods/Target Support Files/Pods-YukiFramework/Pods-YukiFramework-resources.sh",
				"${PODS_ROOT}/MJRefresh/MJRefresh/MJRefresh.bundle",
			);
			name = "[CP] Copy Pods Resources";
			outputPaths = (
				"${TARGET_BUILD_DIR}/${UNLOCALIZED_RESOURCES_FOLDER_PATH}",
			);
			runOnlyForDeploymentPostprocessing = 0;
			shellPath = /bin/sh;
			shellScript = "\"${SRCROOT}/Pods/Target Support Files/Pods-YukiFramework/Pods-YukiFramework-resources.sh\"\n";
			showEnvVarsInLog = 0;
		};
/* End PBXShellScriptBuildPhase section */

/* Begin PBXSourcesBuildPhase section */
		88A94BFA1FB44BBF0048B4C2 /* Sources */ = {
			isa = PBXSourcesBuildPhase;
			buildActionMask = 2147483647;
			files = (
				88A94C521FB44E410048B4C2 /* YukiShoppingCartViewController.m in Sources */,
				889143BB20450F1D00A08ACC /* WKTabbarController.m in Sources */,
				8891439620450E1000A08ACC /* TitleScrollHelper.m in Sources */,
				889143A220450E5D00A08ACC /* NSTimer+addition.m in Sources */,
				889143BA20450F1D00A08ACC /* WKNavigationController.m in Sources */,
				88A94C061FB44BBF0048B4C2 /* ViewController.m in Sources */,
				8891439820450E1000A08ACC /* UIView+Frame.m in Sources */,
				88C5F5F41FBAD8B30025D9CA /* YKShopListHeadView.m in Sources */,
				8819EF8B2015F19800E416D4 /* WKAttributdeLblViewController.m in Sources */,
				88A4BAEB2015D5D300558559 /* YukiDemoListViewController.m in Sources */,
				88CA6E192046A7AE00DECFF3 /* YukiStaticLibraryViewController.m in Sources */,
				88A4BAF32015DBA000558559 /* YukiCollectionSuspensionViewController.m in Sources */,
				889143B120450EE300A08ACC /* WKRequest.m in Sources */,
				8891438B20450DD600A08ACC /* UILabel+YBAttributeTextTapAction.m in Sources */,
				8891439720450E1000A08ACC /* TitleScrollView.m in Sources */,
				8891438820450DB100A08ACC /* AttributedLbl.m in Sources */,
				889143A020450E5D00A08ACC /* YukiWebProgressLayer.m in Sources */,
				889143A620450E9B00A08ACC /* YukiBaseViewController.m in Sources */,
				88A94C4D1FB44E2C0048B4C2 /* YukuClassViewController.m in Sources */,
				889143B020450EE300A08ACC /* WKBaseModel.m in Sources */,
				88C5F5CB1FBABBAF0025D9CA /* YKShoppingTableViewCell.m in Sources */,
				8819EF7D2015EED600E416D4 /* WKChildViewController.m in Sources */,
				88C5F5E21FBAC79E0025D9CA /* YKShopHeadView.m in Sources */,
				889143AA20450EBF00A08ACC /* HSGifHeader.m in Sources */,
				88224D421FBC1545003ADDBA /* YKPost.m in Sources */,
				889143A120450E5D00A08ACC /* YukiWebViewController.m in Sources */,
				88C5F5DF1FBAC3C60025D9CA /* YKShopModel.m in Sources */,
				88224D3C1FBC0F53003ADDBA /* DogModel.m in Sources */,
				88A4BAF62015DC4100558559 /* YukiCollectionViewFlowLayout.m in Sources */,
				8819EF7A2015EE1D00E416D4 /* YukiTitleScorllViewController.m in Sources */,
				88224D451FBC168F003ADDBA /* YKUser.m in Sources */,
				88A94C481FB44E1D0048B4C2 /* YukiHomeViewController.m in Sources */,
				88A4BAFF2015DD2F00558559 /* WKCateSectionHeadCollectionReusableView.m in Sources */,
				88C5F5F11FBAD1630025D9CA /* YKShopListModel.m in Sources */,
				88A94C571FB44E510048B4C2 /* YukiUserCenterViewController.m in Sources */,
				8891439520450E1000A08ACC /* DCPagerProgressView.m in Sources */,
				88A4BAFA2015DCFA00558559 /* WKCategoryCollectionViewCell.m in Sources */,
				88224D3F1FBC10B3003ADDBA /* YKPerson.m in Sources */,
				88C5F5E81FBACB410025D9CA /* YKShopListViewController.m in Sources */,
				88A94C111FB44BBF0048B4C2 /* main.m in Sources */,
				882181A32011BFBE002CE791 /* YukiShowPhotoWebViewController.m in Sources */,
				88C5F5ED1FBACD0D0025D9CA /* YKShopStepTableViewCell.m in Sources */,
				88A94C6B1FB46E380048B4C2 /* WKHomeFourChooseTableViewCell.m in Sources */,
				88C5F5C71FBA95270025D9CA /* HomeModel.m in Sources */,
				88A94C031FB44BBF0048B4C2 /* AppDelegate.m in Sources */,
			);
			runOnlyForDeploymentPostprocessing = 0;
		};
		88A94C121FB44BBF0048B4C2 /* Sources */ = {
			isa = PBXSourcesBuildPhase;
			buildActionMask = 2147483647;
			files = (
				88A94C1B1FB44BBF0048B4C2 /* YukiFrameworkTests.m in Sources */,
			);
			runOnlyForDeploymentPostprocessing = 0;
		};
		88A94C1D1FB44BBF0048B4C2 /* Sources */ = {
			isa = PBXSourcesBuildPhase;
			buildActionMask = 2147483647;
			files = (
				88A94C261FB44BBF0048B4C2 /* YukiFrameworkUITests.m in Sources */,
			);
			runOnlyForDeploymentPostprocessing = 0;
		};
/* End PBXSourcesBuildPhase section */

/* Begin PBXTargetDependency section */
		88A94C181FB44BBF0048B4C2 /* PBXTargetDependency */ = {
			isa = PBXTargetDependency;
			target = 88A94BFD1FB44BBF0048B4C2 /* YukiFramework */;
			targetProxy = 88A94C171FB44BBF0048B4C2 /* PBXContainerItemProxy */;
		};
		88A94C231FB44BBF0048B4C2 /* PBXTargetDependency */ = {
			isa = PBXTargetDependency;
			target = 88A94BFD1FB44BBF0048B4C2 /* YukiFramework */;
			targetProxy = 88A94C221FB44BBF0048B4C2 /* PBXContainerItemProxy */;
		};
/* End PBXTargetDependency section */

/* Begin PBXVariantGroup section */
		88A94C071FB44BBF0048B4C2 /* Main.storyboard */ = {
			isa = PBXVariantGroup;
			children = (
				88A94C081FB44BBF0048B4C2 /* Base */,
			);
			name = Main.storyboard;
			sourceTree = "<group>";
		};
		88A94C0C1FB44BBF0048B4C2 /* LaunchScreen.storyboard */ = {
			isa = PBXVariantGroup;
			children = (
				88A94C0D1FB44BBF0048B4C2 /* Base */,
			);
			name = LaunchScreen.storyboard;
			sourceTree = "<group>";
		};
/* End PBXVariantGroup section */

/* Begin XCBuildConfiguration section */
		88A94C281FB44BBF0048B4C2 /* Debug */ = {
			isa = XCBuildConfiguration;
			buildSettings = {
				ALWAYS_SEARCH_USER_PATHS = NO;
				CLANG_ANALYZER_NONNULL = YES;
				CLANG_ANALYZER_NUMBER_OBJECT_CONVERSION = YES_AGGRESSIVE;
				CLANG_CXX_LANGUAGE_STANDARD = "gnu++14";
				CLANG_CXX_LIBRARY = "libc++";
				CLANG_ENABLE_MODULES = YES;
				CLANG_ENABLE_OBJC_ARC = YES;
				CLANG_WARN_BLOCK_CAPTURE_AUTORELEASING = YES;
				CLANG_WARN_BOOL_CONVERSION = YES;
				CLANG_WARN_COMMA = YES;
				CLANG_WARN_CONSTANT_CONVERSION = YES;
				CLANG_WARN_DIRECT_OBJC_ISA_USAGE = YES_ERROR;
				CLANG_WARN_DOCUMENTATION_COMMENTS = YES;
				CLANG_WARN_EMPTY_BODY = YES;
				CLANG_WARN_ENUM_CONVERSION = YES;
				CLANG_WARN_INFINITE_RECURSION = YES;
				CLANG_WARN_INT_CONVERSION = YES;
				CLANG_WARN_NON_LITERAL_NULL_CONVERSION = YES;
				CLANG_WARN_OBJC_LITERAL_CONVERSION = YES;
				CLANG_WARN_OBJC_ROOT_CLASS = YES_ERROR;
				CLANG_WARN_RANGE_LOOP_ANALYSIS = YES;
				CLANG_WARN_STRICT_PROTOTYPES = YES;
				CLANG_WARN_SUSPICIOUS_MOVE = YES;
				CLANG_WARN_UNGUARDED_AVAILABILITY = YES_AGGRESSIVE;
				CLANG_WARN_UNREACHABLE_CODE = YES;
				CLANG_WARN__DUPLICATE_METHOD_MATCH = YES;
				CODE_SIGN_IDENTITY = "iPhone Developer";
				COPY_PHASE_STRIP = NO;
				DEBUG_INFORMATION_FORMAT = dwarf;
				ENABLE_STRICT_OBJC_MSGSEND = YES;
				ENABLE_TESTABILITY = YES;
				GCC_C_LANGUAGE_STANDARD = gnu11;
				GCC_DYNAMIC_NO_PIC = NO;
				GCC_NO_COMMON_BLOCKS = YES;
				GCC_OPTIMIZATION_LEVEL = 0;
				GCC_PREPROCESSOR_DEFINITIONS = (
					"DEBUG=1",
					"$(inherited)",
				);
				GCC_WARN_64_TO_32_BIT_CONVERSION = YES;
				GCC_WARN_ABOUT_RETURN_TYPE = YES_ERROR;
				GCC_WARN_UNDECLARED_SELECTOR = YES;
				GCC_WARN_UNINITIALIZED_AUTOS = YES_AGGRESSIVE;
				GCC_WARN_UNUSED_FUNCTION = YES;
				GCC_WARN_UNUSED_VARIABLE = YES;
				IPHONEOS_DEPLOYMENT_TARGET = 11.1;
				MTL_ENABLE_DEBUG_INFO = YES;
				ONLY_ACTIVE_ARCH = YES;
				SDKROOT = iphoneos;
			};
			name = Debug;
		};
		88A94C291FB44BBF0048B4C2 /* Release */ = {
			isa = XCBuildConfiguration;
			buildSettings = {
				ALWAYS_SEARCH_USER_PATHS = NO;
				CLANG_ANALYZER_NONNULL = YES;
				CLANG_ANALYZER_NUMBER_OBJECT_CONVERSION = YES_AGGRESSIVE;
				CLANG_CXX_LANGUAGE_STANDARD = "gnu++14";
				CLANG_CXX_LIBRARY = "libc++";
				CLANG_ENABLE_MODULES = YES;
				CLANG_ENABLE_OBJC_ARC = YES;
				CLANG_WARN_BLOCK_CAPTURE_AUTORELEASING = YES;
				CLANG_WARN_BOOL_CONVERSION = YES;
				CLANG_WARN_COMMA = YES;
				CLANG_WARN_CONSTANT_CONVERSION = YES;
				CLANG_WARN_DIRECT_OBJC_ISA_USAGE = YES_ERROR;
				CLANG_WARN_DOCUMENTATION_COMMENTS = YES;
				CLANG_WARN_EMPTY_BODY = YES;
				CLANG_WARN_ENUM_CONVERSION = YES;
				CLANG_WARN_INFINITE_RECURSION = YES;
				CLANG_WARN_INT_CONVERSION = YES;
				CLANG_WARN_NON_LITERAL_NULL_CONVERSION = YES;
				CLANG_WARN_OBJC_LITERAL_CONVERSION = YES;
				CLANG_WARN_OBJC_ROOT_CLASS = YES_ERROR;
				CLANG_WARN_RANGE_LOOP_ANALYSIS = YES;
				CLANG_WARN_STRICT_PROTOTYPES = YES;
				CLANG_WARN_SUSPICIOUS_MOVE = YES;
				CLANG_WARN_UNGUARDED_AVAILABILITY = YES_AGGRESSIVE;
				CLANG_WARN_UNREACHABLE_CODE = YES;
				CLANG_WARN__DUPLICATE_METHOD_MATCH = YES;
				CODE_SIGN_IDENTITY = "iPhone Developer";
				COPY_PHASE_STRIP = NO;
				DEBUG_INFORMATION_FORMAT = "dwarf-with-dsym";
				ENABLE_NS_ASSERTIONS = NO;
				ENABLE_STRICT_OBJC_MSGSEND = YES;
				GCC_C_LANGUAGE_STANDARD = gnu11;
				GCC_NO_COMMON_BLOCKS = YES;
				GCC_WARN_64_TO_32_BIT_CONVERSION = YES;
				GCC_WARN_ABOUT_RETURN_TYPE = YES_ERROR;
				GCC_WARN_UNDECLARED_SELECTOR = YES;
				GCC_WARN_UNINITIALIZED_AUTOS = YES_AGGRESSIVE;
				GCC_WARN_UNUSED_FUNCTION = YES;
				GCC_WARN_UNUSED_VARIABLE = YES;
				IPHONEOS_DEPLOYMENT_TARGET = 11.1;
				MTL_ENABLE_DEBUG_INFO = NO;
				SDKROOT = iphoneos;
				VALIDATE_PRODUCT = YES;
			};
			name = Release;
		};
		88A94C2B1FB44BBF0048B4C2 /* Debug */ = {
			isa = XCBuildConfiguration;
			baseConfigurationReference = B776A9DD4D2D5C7D54CA6F17 /* Pods-YukiFramework.debug.xcconfig */;
			buildSettings = {
				ASSETCATALOG_COMPILER_APPICON_NAME = AppIcon;
				ASSETCATALOG_COMPILER_LAUNCHIMAGE_NAME = LaunchImage;
				CLANG_ENABLE_MODULES = YES;
				CODE_SIGN_STYLE = Automatic;
				DEVELOPMENT_TEAM = 8UNEFE2V3S;
				GCC_PRECOMPILE_PREFIX_HEADER = YES;
				GCC_PREFIX_HEADER = "$(SRCROOT)/YukiFramework/Tools/TabbarAndNavBar/PrefixHeader.pch";
				INFOPLIST_FILE = YukiFramework/Info.plist;
				IPHONEOS_DEPLOYMENT_TARGET = 9.0;
				LD_RUNPATH_SEARCH_PATHS = "$(inherited) @executable_path/Frameworks";
				LIBRARY_SEARCH_PATHS = (
					"$(inherited)",
					"$(PROJECT_DIR)/YukiFramework/Tools/StaticLibrary",
				);
				PRODUCT_BUNDLE_IDENTIFIER = com.wangyu.cn.YukiFramework;
				PRODUCT_NAME = "$(TARGET_NAME)";
				SWIFT_OBJC_BRIDGING_HEADER = "YukiFramework/UI/UserCenter/Controller/YukiFramework-Bridging-Header.h";
				SWIFT_OPTIMIZATION_LEVEL = "-Onone";
				SWIFT_VERSION = 3.0;
				TARGETED_DEVICE_FAMILY = "1,2";
			};
			name = Debug;
		};
		88A94C2C1FB44BBF0048B4C2 /* Release */ = {
			isa = XCBuildConfiguration;
			baseConfigurationReference = 4B319400642AAD808E5D75F4 /* Pods-YukiFramework.release.xcconfig */;
			buildSettings = {
				ASSETCATALOG_COMPILER_APPICON_NAME = AppIcon;
				ASSETCATALOG_COMPILER_LAUNCHIMAGE_NAME = LaunchImage;
				CLANG_ENABLE_MODULES = YES;
				CODE_SIGN_STYLE = Automatic;
				DEVELOPMENT_TEAM = 8UNEFE2V3S;
				GCC_PRECOMPILE_PREFIX_HEADER = YES;
				GCC_PREFIX_HEADER = "$(SRCROOT)/YukiFramework/Tools/TabbarAndNavBar/PrefixHeader.pch";
				INFOPLIST_FILE = YukiFramework/Info.plist;
				IPHONEOS_DEPLOYMENT_TARGET = 9.0;
				LD_RUNPATH_SEARCH_PATHS = "$(inherited) @executable_path/Frameworks";
				LIBRARY_SEARCH_PATHS = (
					"$(inherited)",
					"$(PROJECT_DIR)/YukiFramework/Tools/StaticLibrary",
				);
				PRODUCT_BUNDLE_IDENTIFIER = com.wangyu.cn.YukiFramework;
				PRODUCT_NAME = "$(TARGET_NAME)";
				SWIFT_OBJC_BRIDGING_HEADER = "YukiFramework/UI/UserCenter/Controller/YukiFramework-Bridging-Header.h";
				SWIFT_VERSION = 3.0;
				TARGETED_DEVICE_FAMILY = "1,2";
			};
			name = Release;
		};
		88A94C2E1FB44BBF0048B4C2 /* Debug */ = {
			isa = XCBuildConfiguration;
			buildSettings = {
				BUNDLE_LOADER = "$(TEST_HOST)";
				CODE_SIGN_STYLE = Automatic;
				INFOPLIST_FILE = YukiFrameworkTests/Info.plist;
				LD_RUNPATH_SEARCH_PATHS = "$(inherited) @executable_path/Frameworks @loader_path/Frameworks";
				PRODUCT_BUNDLE_IDENTIFIER = com.wangyu.cn.YukiFrameworkTests;
				PRODUCT_NAME = "$(TARGET_NAME)";
				TARGETED_DEVICE_FAMILY = "1,2";
				TEST_HOST = "$(BUILT_PRODUCTS_DIR)/YukiFramework.app/YukiFramework";
			};
			name = Debug;
		};
		88A94C2F1FB44BBF0048B4C2 /* Release */ = {
			isa = XCBuildConfiguration;
			buildSettings = {
				BUNDLE_LOADER = "$(TEST_HOST)";
				CODE_SIGN_STYLE = Automatic;
				INFOPLIST_FILE = YukiFrameworkTests/Info.plist;
				LD_RUNPATH_SEARCH_PATHS = "$(inherited) @executable_path/Frameworks @loader_path/Frameworks";
				PRODUCT_BUNDLE_IDENTIFIER = com.wangyu.cn.YukiFrameworkTests;
				PRODUCT_NAME = "$(TARGET_NAME)";
				TARGETED_DEVICE_FAMILY = "1,2";
				TEST_HOST = "$(BUILT_PRODUCTS_DIR)/YukiFramework.app/YukiFramework";
			};
			name = Release;
		};
		88A94C311FB44BBF0048B4C2 /* Debug */ = {
			isa = XCBuildConfiguration;
			buildSettings = {
				CODE_SIGN_STYLE = Automatic;
				INFOPLIST_FILE = YukiFrameworkUITests/Info.plist;
				LD_RUNPATH_SEARCH_PATHS = "$(inherited) @executable_path/Frameworks @loader_path/Frameworks";
				PRODUCT_BUNDLE_IDENTIFIER = com.wangyu.cn.YukiFrameworkUITests;
				PRODUCT_NAME = "$(TARGET_NAME)";
				TARGETED_DEVICE_FAMILY = "1,2";
				TEST_TARGET_NAME = YukiFramework;
			};
			name = Debug;
		};
		88A94C321FB44BBF0048B4C2 /* Release */ = {
			isa = XCBuildConfiguration;
			buildSettings = {
				CODE_SIGN_STYLE = Automatic;
				INFOPLIST_FILE = YukiFrameworkUITests/Info.plist;
				LD_RUNPATH_SEARCH_PATHS = "$(inherited) @executable_path/Frameworks @loader_path/Frameworks";
				PRODUCT_BUNDLE_IDENTIFIER = com.wangyu.cn.YukiFrameworkUITests;
				PRODUCT_NAME = "$(TARGET_NAME)";
				TARGETED_DEVICE_FAMILY = "1,2";
				TEST_TARGET_NAME = YukiFramework;
			};
			name = Release;
		};
/* End XCBuildConfiguration section */

/* Begin XCConfigurationList section */
		88A94BF91FB44BBF0048B4C2 /* Build configuration list for PBXProject "YukiFramework" */ = {
			isa = XCConfigurationList;
			buildConfigurations = (
				88A94C281FB44BBF0048B4C2 /* Debug */,
				88A94C291FB44BBF0048B4C2 /* Release */,
			);
			defaultConfigurationIsVisible = 0;
			defaultConfigurationName = Release;
		};
		88A94C2A1FB44BBF0048B4C2 /* Build configuration list for PBXNativeTarget "YukiFramework" */ = {
			isa = XCConfigurationList;
			buildConfigurations = (
				88A94C2B1FB44BBF0048B4C2 /* Debug */,
				88A94C2C1FB44BBF0048B4C2 /* Release */,
			);
			defaultConfigurationIsVisible = 0;
			defaultConfigurationName = Release;
		};
		88A94C2D1FB44BBF0048B4C2 /* Build configuration list for PBXNativeTarget "YukiFrameworkTests" */ = {
			isa = XCConfigurationList;
			buildConfigurations = (
				88A94C2E1FB44BBF0048B4C2 /* Debug */,
				88A94C2F1FB44BBF0048B4C2 /* Release */,
			);
			defaultConfigurationIsVisible = 0;
			defaultConfigurationName = Release;
		};
		88A94C301FB44BBF0048B4C2 /* Build configuration list for PBXNativeTarget "YukiFrameworkUITests" */ = {
			isa = XCConfigurationList;
			buildConfigurations = (
				88A94C311FB44BBF0048B4C2 /* Debug */,
				88A94C321FB44BBF0048B4C2 /* Release */,
			);
			defaultConfigurationIsVisible = 0;
			defaultConfigurationName = Release;
		};
/* End XCConfigurationList section */
	};
	rootObject = 88A94BF61FB44BBF0048B4C2 /* Project object */;
}
