// !$*UTF8*$!
{
	archiveVersion = 1;
	classes = {
	};
	objectVersion = 48;
	objects = {

/* Begin PBXBuildFile section */
		39F97A6C2D0881FB1BF93EC3 /* libPods-YukiFramework.a in Frameworks */ = {isa = PBXBuildFile; fileRef = 140A9E1D73BA201E617FF81A /* libPods-YukiFramework.a */; };
		8865CC651FB97E720032B484 /* WKNavigationController.m in Sources */ = {isa = PBXBuildFile; fileRef = 8865CC5B1FB97E700032B484 /* WKNavigationController.m */; };
		8865CC661FB97E720032B484 /* YukiBaseViewController.m in Sources */ = {isa = PBXBuildFile; fileRef = 8865CC5C1FB97E710032B484 /* YukiBaseViewController.m */; };
		8865CC691FB97E720032B484 /* WKTabbarController.m in Sources */ = {isa = PBXBuildFile; fileRef = 8865CC621FB97E710032B484 /* WKTabbarController.m */; };
		8865CC761FB97F490032B484 /* WKRequest.m in Sources */ = {isa = PBXBuildFile; fileRef = 8865CC751FB97F490032B484 /* WKRequest.m */; };
		8865CC791FB97F610032B484 /* WKBaseModel.m in Sources */ = {isa = PBXBuildFile; fileRef = 8865CC781FB97F610032B484 /* WKBaseModel.m */; };
		88A94C031FB44BBF0048B4C2 /* AppDelegate.m in Sources */ = {isa = PBXBuildFile; fileRef = 88A94C021FB44BBF0048B4C2 /* AppDelegate.m */; };
		88A94C061FB44BBF0048B4C2 /* ViewController.m in Sources */ = {isa = PBXBuildFile; fileRef = 88A94C051FB44BBF0048B4C2 /* ViewController.m */; };
		88A94C091FB44BBF0048B4C2 /* Main.storyboard in Resources */ = {isa = PBXBuildFile; fileRef = 88A94C071FB44BBF0048B4C2 /* Main.storyboard */; };
		88A94C0B1FB44BBF0048B4C2 /* Assets.xcassets in Resources */ = {isa = PBXBuildFile; fileRef = 88A94C0A1FB44BBF0048B4C2 /* Assets.xcassets */; };
		88A94C0E1FB44BBF0048B4C2 /* LaunchScreen.storyboard in Resources */ = {isa = PBXBuildFile; fileRef = 88A94C0C1FB44BBF0048B4C2 /* LaunchScreen.storyboard */; };
		88A94C111FB44BBF0048B4C2 /* main.m in Sources */ = {isa = PBXBuildFile; fileRef = 88A94C101FB44BBF0048B4C2 /* main.m */; };
		88A94C1B1FB44BBF0048B4C2 /* YukiFrameworkTests.m in Sources */ = {isa = PBXBuildFile; fileRef = 88A94C1A1FB44BBF0048B4C2 /* YukiFrameworkTests.m */; };
		88A94C261FB44BBF0048B4C2 /* YukiFrameworkUITests.m in Sources */ = {isa = PBXBuildFile; fileRef = 88A94C251FB44BBF0048B4C2 /* YukiFrameworkUITests.m */; };
		88A94C341FB44C060048B4C2 /* Images.xcassets in Resources */ = {isa = PBXBuildFile; fileRef = 88A94C331FB44C060048B4C2 /* Images.xcassets */; };
		88A94C481FB44E1D0048B4C2 /* YukiHomeViewController.m in Sources */ = {isa = PBXBuildFile; fileRef = 88A94C461FB44E1D0048B4C2 /* YukiHomeViewController.m */; };
		88A94C491FB44E1D0048B4C2 /* YukiHomeViewController.xib in Resources */ = {isa = PBXBuildFile; fileRef = 88A94C471FB44E1D0048B4C2 /* YukiHomeViewController.xib */; };
		88A94C4D1FB44E2C0048B4C2 /* YukuClassViewController.m in Sources */ = {isa = PBXBuildFile; fileRef = 88A94C4B1FB44E2C0048B4C2 /* YukuClassViewController.m */; };
		88A94C4E1FB44E2C0048B4C2 /* YukuClassViewController.xib in Resources */ = {isa = PBXBuildFile; fileRef = 88A94C4C1FB44E2C0048B4C2 /* YukuClassViewController.xib */; };
		88A94C521FB44E410048B4C2 /* YukiShoppingCartViewController.m in Sources */ = {isa = PBXBuildFile; fileRef = 88A94C501FB44E410048B4C2 /* YukiShoppingCartViewController.m */; };
		88A94C531FB44E410048B4C2 /* YukiShoppingCartViewController.xib in Resources */ = {isa = PBXBuildFile; fileRef = 88A94C511FB44E410048B4C2 /* YukiShoppingCartViewController.xib */; };
		88A94C571FB44E510048B4C2 /* YukiUserCenterViewController.m in Sources */ = {isa = PBXBuildFile; fileRef = 88A94C551FB44E510048B4C2 /* YukiUserCenterViewController.m */; };
		88A94C581FB44E510048B4C2 /* YukiUserCenterViewController.xib in Resources */ = {isa = PBXBuildFile; fileRef = 88A94C561FB44E510048B4C2 /* YukiUserCenterViewController.xib */; };
		88A94C6A1FB46E380048B4C2 /* WKHomeFourChooseTableViewCell.xib in Resources */ = {isa = PBXBuildFile; fileRef = 88A94C671FB46E370048B4C2 /* WKHomeFourChooseTableViewCell.xib */; };
		88A94C6B1FB46E380048B4C2 /* WKHomeFourChooseTableViewCell.m in Sources */ = {isa = PBXBuildFile; fileRef = 88A94C691FB46E370048B4C2 /* WKHomeFourChooseTableViewCell.m */; };
/* End PBXBuildFile section */

/* Begin PBXContainerItemProxy section */
		88A94C171FB44BBF0048B4C2 /* PBXContainerItemProxy */ = {
			isa = PBXContainerItemProxy;
			containerPortal = 88A94BF61FB44BBF0048B4C2 /* Project object */;
			proxyType = 1;
			remoteGlobalIDString = 88A94BFD1FB44BBF0048B4C2;
			remoteInfo = YukiFramework;
		};
		88A94C221FB44BBF0048B4C2 /* PBXContainerItemProxy */ = {
			isa = PBXContainerItemProxy;
			containerPortal = 88A94BF61FB44BBF0048B4C2 /* Project object */;
			proxyType = 1;
			remoteGlobalIDString = 88A94BFD1FB44BBF0048B4C2;
			remoteInfo = YukiFramework;
		};
/* End PBXContainerItemProxy section */

/* Begin PBXFileReference section */
		140A9E1D73BA201E617FF81A /* libPods-YukiFramework.a */ = {isa = PBXFileReference; explicitFileType = archive.ar; includeInIndex = 0; path = "libPods-YukiFramework.a"; sourceTree = BUILT_PRODUCTS_DIR; };
		4B319400642AAD808E5D75F4 /* Pods-YukiFramework.release.xcconfig */ = {isa = PBXFileReference; includeInIndex = 1; lastKnownFileType = text.xcconfig; name = "Pods-YukiFramework.release.xcconfig"; path = "Pods/Target Support Files/Pods-YukiFramework/Pods-YukiFramework.release.xcconfig"; sourceTree = "<group>"; };
		8865CC5B1FB97E700032B484 /* WKNavigationController.m */ = {isa = PBXFileReference; fileEncoding = 4; lastKnownFileType = sourcecode.c.objc; path = WKNavigationController.m; sourceTree = "<group>"; };
		8865CC5C1FB97E710032B484 /* YukiBaseViewController.m */ = {isa = PBXFileReference; fileEncoding = 4; lastKnownFileType = sourcecode.c.objc; path = YukiBaseViewController.m; sourceTree = "<group>"; };
		8865CC5E1FB97E710032B484 /* WKNavigationController.h */ = {isa = PBXFileReference; fileEncoding = 4; lastKnownFileType = sourcecode.c.h; path = WKNavigationController.h; sourceTree = "<group>"; };
		8865CC5F1FB97E710032B484 /* WKTabbarController.h */ = {isa = PBXFileReference; fileEncoding = 4; lastKnownFileType = sourcecode.c.h; path = WKTabbarController.h; sourceTree = "<group>"; };
		8865CC621FB97E710032B484 /* WKTabbarController.m */ = {isa = PBXFileReference; fileEncoding = 4; lastKnownFileType = sourcecode.c.objc; path = WKTabbarController.m; sourceTree = "<group>"; };
		8865CC631FB97E720032B484 /* YukiHelp.h */ = {isa = PBXFileReference; fileEncoding = 4; lastKnownFileType = sourcecode.c.h; path = YukiHelp.h; sourceTree = "<group>"; };
		8865CC641FB97E720032B484 /* YukiBaseViewController.h */ = {isa = PBXFileReference; fileEncoding = 4; lastKnownFileType = sourcecode.c.h; path = YukiBaseViewController.h; sourceTree = "<group>"; };
		8865CC741FB97F490032B484 /* WKRequest.h */ = {isa = PBXFileReference; lastKnownFileType = sourcecode.c.h; path = WKRequest.h; sourceTree = "<group>"; };
		8865CC751FB97F490032B484 /* WKRequest.m */ = {isa = PBXFileReference; lastKnownFileType = sourcecode.c.objc; path = WKRequest.m; sourceTree = "<group>"; };
		8865CC771FB97F610032B484 /* WKBaseModel.h */ = {isa = PBXFileReference; lastKnownFileType = sourcecode.c.h; path = WKBaseModel.h; sourceTree = "<group>"; };
		8865CC781FB97F610032B484 /* WKBaseModel.m */ = {isa = PBXFileReference; lastKnownFileType = sourcecode.c.objc; path = WKBaseModel.m; sourceTree = "<group>"; };
		8865CC7C1FB981C30032B484 /* PrefixHeader.pch */ = {isa = PBXFileReference; lastKnownFileType = sourcecode.c.h; path = PrefixHeader.pch; sourceTree = "<group>"; };
		8865CC7D1FB9847E0032B484 /* YukiConfig.h */ = {isa = PBXFileReference; lastKnownFileType = sourcecode.c.h; path = YukiConfig.h; sourceTree = "<group>"; };
		88A94BFE1FB44BBF0048B4C2 /* YukiFramework.app */ = {isa = PBXFileReference; explicitFileType = wrapper.application; includeInIndex = 0; path = YukiFramework.app; sourceTree = BUILT_PRODUCTS_DIR; };
		88A94C011FB44BBF0048B4C2 /* AppDelegate.h */ = {isa = PBXFileReference; lastKnownFileType = sourcecode.c.h; path = AppDelegate.h; sourceTree = "<group>"; };
		88A94C021FB44BBF0048B4C2 /* AppDelegate.m */ = {isa = PBXFileReference; lastKnownFileType = sourcecode.c.objc; path = AppDelegate.m; sourceTree = "<group>"; };
		88A94C041FB44BBF0048B4C2 /* ViewController.h */ = {isa = PBXFileReference; lastKnownFileType = sourcecode.c.h; path = ViewController.h; sourceTree = "<group>"; };
		88A94C051FB44BBF0048B4C2 /* ViewController.m */ = {isa = PBXFileReference; lastKnownFileType = sourcecode.c.objc; path = ViewController.m; sourceTree = "<group>"; };
		88A94C081FB44BBF0048B4C2 /* Base */ = {isa = PBXFileReference; lastKnownFileType = file.storyboard; name = Base; path = Base.lproj/Main.storyboard; sourceTree = "<group>"; };
		88A94C0A1FB44BBF0048B4C2 /* Assets.xcassets */ = {isa = PBXFileReference; lastKnownFileType = folder.assetcatalog; path = Assets.xcassets; sourceTree = "<group>"; };
		88A94C0D1FB44BBF0048B4C2 /* Base */ = {isa = PBXFileReference; lastKnownFileType = file.storyboard; name = Base; path = Base.lproj/LaunchScreen.storyboard; sourceTree = "<group>"; };
		88A94C0F1FB44BBF0048B4C2 /* Info.plist */ = {isa = PBXFileReference; lastKnownFileType = text.plist.xml; path = Info.plist; sourceTree = "<group>"; };
		88A94C101FB44BBF0048B4C2 /* main.m */ = {isa = PBXFileReference; lastKnownFileType = sourcecode.c.objc; path = main.m; sourceTree = "<group>"; };
		88A94C161FB44BBF0048B4C2 /* YukiFrameworkTests.xctest */ = {isa = PBXFileReference; explicitFileType = wrapper.cfbundle; includeInIndex = 0; path = YukiFrameworkTests.xctest; sourceTree = BUILT_PRODUCTS_DIR; };
		88A94C1A1FB44BBF0048B4C2 /* YukiFrameworkTests.m */ = {isa = PBXFileReference; lastKnownFileType = sourcecode.c.objc; path = YukiFrameworkTests.m; sourceTree = "<group>"; };
		88A94C1C1FB44BBF0048B4C2 /* Info.plist */ = {isa = PBXFileReference; lastKnownFileType = text.plist.xml; path = Info.plist; sourceTree = "<group>"; };
		88A94C211FB44BBF0048B4C2 /* YukiFrameworkUITests.xctest */ = {isa = PBXFileReference; explicitFileType = wrapper.cfbundle; includeInIndex = 0; path = YukiFrameworkUITests.xctest; sourceTree = BUILT_PRODUCTS_DIR; };
		88A94C251FB44BBF0048B4C2 /* YukiFrameworkUITests.m */ = {isa = PBXFileReference; lastKnownFileType = sourcecode.c.objc; path = YukiFrameworkUITests.m; sourceTree = "<group>"; };
		88A94C271FB44BBF0048B4C2 /* Info.plist */ = {isa = PBXFileReference; lastKnownFileType = text.plist.xml; path = Info.plist; sourceTree = "<group>"; };
		88A94C331FB44C060048B4C2 /* Images.xcassets */ = {isa = PBXFileReference; lastKnownFileType = folder.assetcatalog; path = Images.xcassets; sourceTree = "<group>"; };
		88A94C451FB44E1D0048B4C2 /* YukiHomeViewController.h */ = {isa = PBXFileReference; lastKnownFileType = sourcecode.c.h; path = YukiHomeViewController.h; sourceTree = "<group>"; };
		88A94C461FB44E1D0048B4C2 /* YukiHomeViewController.m */ = {isa = PBXFileReference; lastKnownFileType = sourcecode.c.objc; path = YukiHomeViewController.m; sourceTree = "<group>"; };
		88A94C471FB44E1D0048B4C2 /* YukiHomeViewController.xib */ = {isa = PBXFileReference; lastKnownFileType = file.xib; path = YukiHomeViewController.xib; sourceTree = "<group>"; };
		88A94C4A1FB44E2C0048B4C2 /* YukuClassViewController.h */ = {isa = PBXFileReference; lastKnownFileType = sourcecode.c.h; path = YukuClassViewController.h; sourceTree = "<group>"; };
		88A94C4B1FB44E2C0048B4C2 /* YukuClassViewController.m */ = {isa = PBXFileReference; lastKnownFileType = sourcecode.c.objc; path = YukuClassViewController.m; sourceTree = "<group>"; };
		88A94C4C1FB44E2C0048B4C2 /* YukuClassViewController.xib */ = {isa = PBXFileReference; lastKnownFileType = file.xib; path = YukuClassViewController.xib; sourceTree = "<group>"; };
		88A94C4F1FB44E410048B4C2 /* YukiShoppingCartViewController.h */ = {isa = PBXFileReference; lastKnownFileType = sourcecode.c.h; path = YukiShoppingCartViewController.h; sourceTree = "<group>"; };
		88A94C501FB44E410048B4C2 /* YukiShoppingCartViewController.m */ = {isa = PBXFileReference; lastKnownFileType = sourcecode.c.objc; path = YukiShoppingCartViewController.m; sourceTree = "<group>"; };
		88A94C511FB44E410048B4C2 /* YukiShoppingCartViewController.xib */ = {isa = PBXFileReference; lastKnownFileType = file.xib; path = YukiShoppingCartViewController.xib; sourceTree = "<group>"; };
		88A94C541FB44E510048B4C2 /* YukiUserCenterViewController.h */ = {isa = PBXFileReference; lastKnownFileType = sourcecode.c.h; path = YukiUserCenterViewController.h; sourceTree = "<group>"; };
		88A94C551FB44E510048B4C2 /* YukiUserCenterViewController.m */ = {isa = PBXFileReference; lastKnownFileType = sourcecode.c.objc; path = YukiUserCenterViewController.m; sourceTree = "<group>"; };
		88A94C561FB44E510048B4C2 /* YukiUserCenterViewController.xib */ = {isa = PBXFileReference; lastKnownFileType = file.xib; path = YukiUserCenterViewController.xib; sourceTree = "<group>"; };
		88A94C671FB46E370048B4C2 /* WKHomeFourChooseTableViewCell.xib */ = {isa = PBXFileReference; fileEncoding = 4; lastKnownFileType = file.xib; path = WKHomeFourChooseTableViewCell.xib; sourceTree = "<group>"; };
		88A94C681FB46E370048B4C2 /* WKHomeFourChooseTableViewCell.h */ = {isa = PBXFileReference; fileEncoding = 4; lastKnownFileType = sourcecode.c.h; path = WKHomeFourChooseTableViewCell.h; sourceTree = "<group>"; };
		88A94C691FB46E370048B4C2 /* WKHomeFourChooseTableViewCell.m */ = {isa = PBXFileReference; fileEncoding = 4; lastKnownFileType = sourcecode.c.objc; path = WKHomeFourChooseTableViewCell.m; sourceTree = "<group>"; };
		B776A9DD4D2D5C7D54CA6F17 /* Pods-YukiFramework.debug.xcconfig */ = {isa = PBXFileReference; includeInIndex = 1; lastKnownFileType = text.xcconfig; name = "Pods-YukiFramework.debug.xcconfig"; path = "Pods/Target Support Files/Pods-YukiFramework/Pods-YukiFramework.debug.xcconfig"; sourceTree = "<group>"; };
/* End PBXFileReference section */

/* Begin PBXFrameworksBuildPhase section */
		88A94BFB1FB44BBF0048B4C2 /* Frameworks */ = {
			isa = PBXFrameworksBuildPhase;
			buildActionMask = 2147483647;
			files = (
				39F97A6C2D0881FB1BF93EC3 /* libPods-YukiFramework.a in Frameworks */,
			);
			runOnlyForDeploymentPostprocessing = 0;
		};
		88A94C131FB44BBF0048B4C2 /* Frameworks */ = {
			isa = PBXFrameworksBuildPhase;
			buildActionMask = 2147483647;
			files = (
			);
			runOnlyForDeploymentPostprocessing = 0;
		};
		88A94C1E1FB44BBF0048B4C2 /* Frameworks */ = {
			isa = PBXFrameworksBuildPhase;
			buildActionMask = 2147483647;
			files = (
			);
			runOnlyForDeploymentPostprocessing = 0;
		};
/* End PBXFrameworksBuildPhase section */

/* Begin PBXGroup section */
		0D1591883255E7B200D21670 /* Frameworks */ = {
			isa = PBXGroup;
			children = (
				140A9E1D73BA201E617FF81A /* libPods-YukiFramework.a */,
			);
			name = Frameworks;
			sourceTree = "<group>";
		};
		8865CC511FB96BFC0032B484 /* TabbarAndNavBar */ = {
			isa = PBXGroup;
			children = (
				8865CC5E1FB97E710032B484 /* WKNavigationController.h */,
				8865CC5B1FB97E700032B484 /* WKNavigationController.m */,
				8865CC5F1FB97E710032B484 /* WKTabbarController.h */,
				8865CC621FB97E710032B484 /* WKTabbarController.m */,
				8865CC641FB97E720032B484 /* YukiBaseViewController.h */,
				8865CC5C1FB97E710032B484 /* YukiBaseViewController.m */,
				8865CC631FB97E720032B484 /* YukiHelp.h */,
				8865CC7D1FB9847E0032B484 /* YukiConfig.h */,
				8865CC7C1FB981C30032B484 /* PrefixHeader.pch */,
			);
			path = TabbarAndNavBar;
			sourceTree = "<group>";
		};
		8865CC521FB96BFC0032B484 /* YukiTools */ = {
			isa = PBXGroup;
			children = (
				8865CC731FB97F310032B484 /* WKRequest */,
				8865CC511FB96BFC0032B484 /* TabbarAndNavBar */,
			);
			name = YukiTools;
			path = /Users/wangyu/YukiFramework/YukiFramework/YukiFramework/YukiTools;
			sourceTree = "<absolute>";
		};
		8865CC731FB97F310032B484 /* WKRequest */ = {
			isa = PBXGroup;
			children = (
				8865CC741FB97F490032B484 /* WKRequest.h */,
				8865CC751FB97F490032B484 /* WKRequest.m */,
				8865CC771FB97F610032B484 /* WKBaseModel.h */,
				8865CC781FB97F610032B484 /* WKBaseModel.m */,
			);
			name = WKRequest;
			path = ../WKRequest;
			sourceTree = "<group>";
		};
		88A94BF51FB44BBF0048B4C2 = {
			isa = PBXGroup;
			children = (
				88A94C001FB44BBF0048B4C2 /* YukiFramework */,
				88A94C191FB44BBF0048B4C2 /* YukiFrameworkTests */,
				88A94C241FB44BBF0048B4C2 /* YukiFrameworkUITests */,
				88A94BFF1FB44BBF0048B4C2 /* Products */,
				8D8E5D7F9A1817AC3F9E2DED /* Pods */,
				0D1591883255E7B200D21670 /* Frameworks */,
			);
			sourceTree = "<group>";
		};
		88A94BFF1FB44BBF0048B4C2 /* Products */ = {
			isa = PBXGroup;
			children = (
				88A94BFE1FB44BBF0048B4C2 /* YukiFramework.app */,
				88A94C161FB44BBF0048B4C2 /* YukiFrameworkTests.xctest */,
				88A94C211FB44BBF0048B4C2 /* YukiFrameworkUITests.xctest */,
			);
			name = Products;
			sourceTree = "<group>";
		};
		88A94C001FB44BBF0048B4C2 /* YukiFramework */ = {
			isa = PBXGroup;
			children = (
				88A94C351FB44D450048B4C2 /* MainController */,
				88A94C011FB44BBF0048B4C2 /* AppDelegate.h */,
				88A94C021FB44BBF0048B4C2 /* AppDelegate.m */,
				88A94C041FB44BBF0048B4C2 /* ViewController.h */,
				88A94C051FB44BBF0048B4C2 /* ViewController.m */,
				88A94C071FB44BBF0048B4C2 /* Main.storyboard */,
				88A94C0A1FB44BBF0048B4C2 /* Assets.xcassets */,
				88A94C0C1FB44BBF0048B4C2 /* LaunchScreen.storyboard */,
				88A94C0F1FB44BBF0048B4C2 /* Info.plist */,
				88A94C101FB44BBF0048B4C2 /* main.m */,
				88A94C331FB44C060048B4C2 /* Images.xcassets */,
				8865CC521FB96BFC0032B484 /* YukiTools */,
			);
			path = YukiFramework;
			sourceTree = "<group>";
		};
		88A94C191FB44BBF0048B4C2 /* YukiFrameworkTests */ = {
			isa = PBXGroup;
			children = (
				88A94C1A1FB44BBF0048B4C2 /* YukiFrameworkTests.m */,
				88A94C1C1FB44BBF0048B4C2 /* Info.plist */,
			);
			path = YukiFrameworkTests;
			sourceTree = "<group>";
		};
		88A94C241FB44BBF0048B4C2 /* YukiFrameworkUITests */ = {
			isa = PBXGroup;
			children = (
				88A94C251FB44BBF0048B4C2 /* YukiFrameworkUITests.m */,
				88A94C271FB44BBF0048B4C2 /* Info.plist */,
			);
			path = YukiFrameworkUITests;
			sourceTree = "<group>";
		};
		88A94C351FB44D450048B4C2 /* MainController */ = {
			isa = PBXGroup;
			children = (
				88A94C661FB46DF90048B4C2 /* View */,
				88A94C451FB44E1D0048B4C2 /* YukiHomeViewController.h */,
				88A94C461FB44E1D0048B4C2 /* YukiHomeViewController.m */,
				88A94C471FB44E1D0048B4C2 /* YukiHomeViewController.xib */,
				88A94C4A1FB44E2C0048B4C2 /* YukuClassViewController.h */,
				88A94C4B1FB44E2C0048B4C2 /* YukuClassViewController.m */,
				88A94C4C1FB44E2C0048B4C2 /* YukuClassViewController.xib */,
				88A94C4F1FB44E410048B4C2 /* YukiShoppingCartViewController.h */,
				88A94C501FB44E410048B4C2 /* YukiShoppingCartViewController.m */,
				88A94C511FB44E410048B4C2 /* YukiShoppingCartViewController.xib */,
				88A94C541FB44E510048B4C2 /* YukiUserCenterViewController.h */,
				88A94C551FB44E510048B4C2 /* YukiUserCenterViewController.m */,
				88A94C561FB44E510048B4C2 /* YukiUserCenterViewController.xib */,
			);
			path = MainController;
			sourceTree = "<group>";
		};
		88A94C661FB46DF90048B4C2 /* View */ = {
			isa = PBXGroup;
			children = (
				88A94C681FB46E370048B4C2 /* WKHomeFourChooseTableViewCell.h */,
				88A94C691FB46E370048B4C2 /* WKHomeFourChooseTableViewCell.m */,
				88A94C671FB46E370048B4C2 /* WKHomeFourChooseTableViewCell.xib */,
			);
			path = View;
			sourceTree = "<group>";
		};
		8D8E5D7F9A1817AC3F9E2DED /* Pods */ = {
			isa = PBXGroup;
			children = (
				B776A9DD4D2D5C7D54CA6F17 /* Pods-YukiFramework.debug.xcconfig */,
				4B319400642AAD808E5D75F4 /* Pods-YukiFramework.release.xcconfig */,
			);
			name = Pods;
			sourceTree = "<group>";
		};
/* End PBXGroup section */

/* Begin PBXNativeTarget section */
		88A94BFD1FB44BBF0048B4C2 /* YukiFramework */ = {
			isa = PBXNativeTarget;
			buildConfigurationList = 88A94C2A1FB44BBF0048B4C2 /* Build configuration list for PBXNativeTarget "YukiFramework" */;
			buildPhases = (
				9AA91D6761D691A201581E13 /* [CP] Check Pods Manifest.lock */,
				88A94BFA1FB44BBF0048B4C2 /* Sources */,
				88A94BFB1FB44BBF0048B4C2 /* Frameworks */,
				88A94BFC1FB44BBF0048B4C2 /* Resources */,
				1DBD8E85F4D7061C5F328207 /* [CP] Embed Pods Frameworks */,
				E7849E6D2B06A49A3B675D93 /* [CP] Copy Pods Resources */,
			);
			buildRules = (
			);
			dependencies = (
			);
			name = YukiFramework;
			productName = YukiFramework;
			productReference = 88A94BFE1FB44BBF0048B4C2 /* YukiFramework.app */;
			productType = "com.apple.product-type.application";
		};
		88A94C151FB44BBF0048B4C2 /* YukiFrameworkTests */ = {
			isa = PBXNativeTarget;
			buildConfigurationList = 88A94C2D1FB44BBF0048B4C2 /* Build configuration list for PBXNativeTarget "YukiFrameworkTests" */;
			buildPhases = (
				88A94C121FB44BBF0048B4C2 /* Sources */,
				88A94C131FB44BBF0048B4C2 /* Frameworks */,
				88A94C141FB44BBF0048B4C2 /* Resources */,
			);
			buildRules = (
			);
			dependencies = (
				88A94C181FB44BBF0048B4C2 /* PBXTargetDependency */,
			);
			name = YukiFrameworkTests;
			productName = YukiFrameworkTests;
			productReference = 88A94C161FB44BBF0048B4C2 /* YukiFrameworkTests.xctest */;
			productType = "com.apple.product-type.bundle.unit-test";
		};
		88A94C201FB44BBF0048B4C2 /* YukiFrameworkUITests */ = {
			isa = PBXNativeTarget;
			buildConfigurationList = 88A94C301FB44BBF0048B4C2 /* Build configuration list for PBXNativeTarget "YukiFrameworkUITests" */;
			buildPhases = (
				88A94C1D1FB44BBF0048B4C2 /* Sources */,
				88A94C1E1FB44BBF0048B4C2 /* Frameworks */,
				88A94C1F1FB44BBF0048B4C2 /* Resources */,
			);
			buildRules = (
			);
			dependencies = (
				88A94C231FB44BBF0048B4C2 /* PBXTargetDependency */,
			);
			name = YukiFrameworkUITests;
			productName = YukiFrameworkUITests;
			productReference = 88A94C211FB44BBF0048B4C2 /* YukiFrameworkUITests.xctest */;
			productType = "com.apple.product-type.bundle.ui-testing";
		};
/* End PBXNativeTarget section */

/* Begin PBXProject section */
		88A94BF61FB44BBF0048B4C2 /* Project object */ = {
			isa = PBXProject;
			attributes = {
				LastUpgradeCheck = 0910;
				ORGANIZATIONNAME = wy;
				TargetAttributes = {
					88A94BFD1FB44BBF0048B4C2 = {
						CreatedOnToolsVersion = 9.1;
						ProvisioningStyle = Automatic;
					};
					88A94C151FB44BBF0048B4C2 = {
						CreatedOnToolsVersion = 9.1;
						ProvisioningStyle = Automatic;
						TestTargetID = 88A94BFD1FB44BBF0048B4C2;
					};
					88A94C201FB44BBF0048B4C2 = {
						CreatedOnToolsVersion = 9.1;
						ProvisioningStyle = Automatic;
						TestTargetID = 88A94BFD1FB44BBF0048B4C2;
					};
				};
			};
			buildConfigurationList = 88A94BF91FB44BBF0048B4C2 /* Build configuration list for PBXProject "YukiFramework" */;
			compatibilityVersion = "Xcode 8.0";
			developmentRegion = en;
			hasScannedForEncodings = 0;
			knownRegions = (
				en,
				Base,
			);
			mainGroup = 88A94BF51FB44BBF0048B4C2;
			productRefGroup = 88A94BFF1FB44BBF0048B4C2 /* Products */;
			projectDirPath = "";
			projectRoot = "";
			targets = (
				88A94BFD1FB44BBF0048B4C2 /* YukiFramework */,
				88A94C151FB44BBF0048B4C2 /* YukiFrameworkTests */,
				88A94C201FB44BBF0048B4C2 /* YukiFrameworkUITests */,
			);
		};
/* End PBXProject section */

/* Begin PBXResourcesBuildPhase section */
		88A94BFC1FB44BBF0048B4C2 /* Resources */ = {
			isa = PBXResourcesBuildPhase;
			buildActionMask = 2147483647;
			files = (
				88A94C0E1FB44BBF0048B4C2 /* LaunchScreen.storyboard in Resources */,
				88A94C6A1FB46E380048B4C2 /* WKHomeFourChooseTableViewCell.xib in Resources */,
				88A94C4E1FB44E2C0048B4C2 /* YukuClassViewController.xib in Resources */,
				88A94C341FB44C060048B4C2 /* Images.xcassets in Resources */,
				88A94C0B1FB44BBF0048B4C2 /* Assets.xcassets in Resources */,
				88A94C581FB44E510048B4C2 /* YukiUserCenterViewController.xib in Resources */,
				88A94C091FB44BBF0048B4C2 /* Main.storyboard in Resources */,
				88A94C531FB44E410048B4C2 /* YukiShoppingCartViewController.xib in Resources */,
				88A94C491FB44E1D0048B4C2 /* YukiHomeViewController.xib in Resources */,
			);
			runOnlyForDeploymentPostprocessing = 0;
		};
		88A94C141FB44BBF0048B4C2 /* Resources */ = {
			isa = PBXResourcesBuildPhase;
			buildActionMask = 2147483647;
			files = (
			);
			runOnlyForDeploymentPostprocessing = 0;
		};
		88A94C1F1FB44BBF0048B4C2 /* Resources */ = {
			isa = PBXResourcesBuildPhase;
			buildActionMask = 2147483647;
			files = (
			);
			runOnlyForDeploymentPostprocessing = 0;
		};
/* End PBXResourcesBuildPhase section */

/* Begin PBXShellScriptBuildPhase section */
		1DBD8E85F4D7061C5F328207 /* [CP] Embed Pods Frameworks */ = {
			isa = PBXShellScriptBuildPhase;
			buildActionMask = 2147483647;
			files = (
			);
			inputPaths = (
			);
			name = "[CP] Embed Pods Frameworks";
			outputPaths = (
			);
			runOnlyForDeploymentPostprocessing = 0;
			shellPath = /bin/sh;
			shellScript = "\"${SRCROOT}/Pods/Target Support Files/Pods-YukiFramework/Pods-YukiFramework-frameworks.sh\"\n";
			showEnvVarsInLog = 0;
		};
		9AA91D6761D691A201581E13 /* [CP] Check Pods Manifest.lock */ = {
			isa = PBXShellScriptBuildPhase;
			buildActionMask = 2147483647;
			files = (
			);
			inputPaths = (
				"${PODS_PODFILE_DIR_PATH}/Podfile.lock",
				"${PODS_ROOT}/Manifest.lock",
			);
			name = "[CP] Check Pods Manifest.lock";
			outputPaths = (
				"$(DERIVED_FILE_DIR)/Pods-YukiFramework-checkManifestLockResult.txt",
			);
			runOnlyForDeploymentPostprocessing = 0;
			shellPath = /bin/sh;
			shellScript = "diff \"${PODS_PODFILE_DIR_PATH}/Podfile.lock\" \"${PODS_ROOT}/Manifest.lock\" > /dev/null\nif [ $? != 0 ] ; then\n    # print error to STDERR\n    echo \"error: The sandbox is not in sync with the Podfile.lock. Run 'pod install' or update your CocoaPods installation.\" >&2\n    exit 1\nfi\n# This output is used by Xcode 'outputs' to avoid re-running this script phase.\necho \"SUCCESS\" > \"${SCRIPT_OUTPUT_FILE_0}\"\n";
			showEnvVarsInLog = 0;
		};
		E7849E6D2B06A49A3B675D93 /* [CP] Copy Pods Resources */ = {
			isa = PBXShellScriptBuildPhase;
			buildActionMask = 2147483647;
			files = (
			);
			inputPaths = (
				"${SRCROOT}/Pods/Target Support Files/Pods-YukiFramework/Pods-YukiFramework-resources.sh",
				"${PODS_ROOT}/MJRefresh/MJRefresh/MJRefresh.bundle",
			);
			name = "[CP] Copy Pods Resources";
			outputPaths = (
				"${TARGET_BUILD_DIR}/${UNLOCALIZED_RESOURCES_FOLDER_PATH}",
			);
			runOnlyForDeploymentPostprocessing = 0;
			shellPath = /bin/sh;
			shellScript = "\"${SRCROOT}/Pods/Target Support Files/Pods-YukiFramework/Pods-YukiFramework-resources.sh\"\n";
			showEnvVarsInLog = 0;
		};
/* End PBXShellScriptBuildPhase section */

/* Begin PBXSourcesBuildPhase section */
		88A94BFA1FB44BBF0048B4C2 /* Sources */ = {
			isa = PBXSourcesBuildPhase;
			buildActionMask = 2147483647;
			files = (
				8865CC691FB97E720032B484 /* WKTabbarController.m in Sources */,
				88A94C521FB44E410048B4C2 /* YukiShoppingCartViewController.m in Sources */,
				88A94C061FB44BBF0048B4C2 /* ViewController.m in Sources */,
				88A94C4D1FB44E2C0048B4C2 /* YukuClassViewController.m in Sources */,
				8865CC791FB97F610032B484 /* WKBaseModel.m in Sources */,
				8865CC661FB97E720032B484 /* YukiBaseViewController.m in Sources */,
				8865CC651FB97E720032B484 /* WKNavigationController.m in Sources */,
				88A94C481FB44E1D0048B4C2 /* YukiHomeViewController.m in Sources */,
				88A94C571FB44E510048B4C2 /* YukiUserCenterViewController.m in Sources */,
				88A94C111FB44BBF0048B4C2 /* main.m in Sources */,
				8865CC761FB97F490032B484 /* WKRequest.m in Sources */,
				88A94C6B1FB46E380048B4C2 /* WKHomeFourChooseTableViewCell.m in Sources */,
				88A94C031FB44BBF0048B4C2 /* AppDelegate.m in Sources */,
			);
			runOnlyForDeploymentPostprocessing = 0;
		};
		88A94C121FB44BBF0048B4C2 /* Sources */ = {
			isa = PBXSourcesBuildPhase;
			buildActionMask = 2147483647;
			files = (
				88A94C1B1FB44BBF0048B4C2 /* YukiFrameworkTests.m in Sources */,
			);
			runOnlyForDeploymentPostprocessing = 0;
		};
		88A94C1D1FB44BBF0048B4C2 /* Sources */ = {
			isa = PBXSourcesBuildPhase;
			buildActionMask = 2147483647;
			files = (
				88A94C261FB44BBF0048B4C2 /* YukiFrameworkUITests.m in Sources */,
			);
			runOnlyForDeploymentPostprocessing = 0;
		};
/* End PBXSourcesBuildPhase section */

/* Begin PBXTargetDependency section */
		88A94C181FB44BBF0048B4C2 /* PBXTargetDependency */ = {
			isa = PBXTargetDependency;
			target = 88A94BFD1FB44BBF0048B4C2 /* YukiFramework */;
			targetProxy = 88A94C171FB44BBF0048B4C2 /* PBXContainerItemProxy */;
		};
		88A94C231FB44BBF0048B4C2 /* PBXTargetDependency */ = {
			isa = PBXTargetDependency;
			target = 88A94BFD1FB44BBF0048B4C2 /* YukiFramework */;
			targetProxy = 88A94C221FB44BBF0048B4C2 /* PBXContainerItemProxy */;
		};
/* End PBXTargetDependency section */

/* Begin PBXVariantGroup section */
		88A94C071FB44BBF0048B4C2 /* Main.storyboard */ = {
			isa = PBXVariantGroup;
			children = (
				88A94C081FB44BBF0048B4C2 /* Base */,
			);
			name = Main.storyboard;
			sourceTree = "<group>";
		};
		88A94C0C1FB44BBF0048B4C2 /* LaunchScreen.storyboard */ = {
			isa = PBXVariantGroup;
			children = (
				88A94C0D1FB44BBF0048B4C2 /* Base */,
			);
			name = LaunchScreen.storyboard;
			sourceTree = "<group>";
		};
/* End PBXVariantGroup section */

/* Begin XCBuildConfiguration section */
		88A94C281FB44BBF0048B4C2 /* Debug */ = {
			isa = XCBuildConfiguration;
			buildSettings = {
				ALWAYS_SEARCH_USER_PATHS = NO;
				CLANG_ANALYZER_NONNULL = YES;
				CLANG_ANALYZER_NUMBER_OBJECT_CONVERSION = YES_AGGRESSIVE;
				CLANG_CXX_LANGUAGE_STANDARD = "gnu++14";
				CLANG_CXX_LIBRARY = "libc++";
				CLANG_ENABLE_MODULES = YES;
				CLANG_ENABLE_OBJC_ARC = YES;
				CLANG_WARN_BLOCK_CAPTURE_AUTORELEASING = YES;
				CLANG_WARN_BOOL_CONVERSION = YES;
				CLANG_WARN_COMMA = YES;
				CLANG_WARN_CONSTANT_CONVERSION = YES;
				CLANG_WARN_DIRECT_OBJC_ISA_USAGE = YES_ERROR;
				CLANG_WARN_DOCUMENTATION_COMMENTS = YES;
				CLANG_WARN_EMPTY_BODY = YES;
				CLANG_WARN_ENUM_CONVERSION = YES;
				CLANG_WARN_INFINITE_RECURSION = YES;
				CLANG_WARN_INT_CONVERSION = YES;
				CLANG_WARN_NON_LITERAL_NULL_CONVERSION = YES;
				CLANG_WARN_OBJC_LITERAL_CONVERSION = YES;
				CLANG_WARN_OBJC_ROOT_CLASS = YES_ERROR;
				CLANG_WARN_RANGE_LOOP_ANALYSIS = YES;
				CLANG_WARN_STRICT_PROTOTYPES = YES;
				CLANG_WARN_SUSPICIOUS_MOVE = YES;
				CLANG_WARN_UNGUARDED_AVAILABILITY = YES_AGGRESSIVE;
				CLANG_WARN_UNREACHABLE_CODE = YES;
				CLANG_WARN__DUPLICATE_METHOD_MATCH = YES;
				CODE_SIGN_IDENTITY = "iPhone Developer";
				COPY_PHASE_STRIP = NO;
				DEBUG_INFORMATION_FORMAT = dwarf;
				ENABLE_STRICT_OBJC_MSGSEND = YES;
				ENABLE_TESTABILITY = YES;
				GCC_C_LANGUAGE_STANDARD = gnu11;
				GCC_DYNAMIC_NO_PIC = NO;
				GCC_NO_COMMON_BLOCKS = YES;
				GCC_OPTIMIZATION_LEVEL = 0;
				GCC_PREPROCESSOR_DEFINITIONS = (
					"DEBUG=1",
					"$(inherited)",
				);
				GCC_WARN_64_TO_32_BIT_CONVERSION = YES;
				GCC_WARN_ABOUT_RETURN_TYPE = YES_ERROR;
				GCC_WARN_UNDECLARED_SELECTOR = YES;
				GCC_WARN_UNINITIALIZED_AUTOS = YES_AGGRESSIVE;
				GCC_WARN_UNUSED_FUNCTION = YES;
				GCC_WARN_UNUSED_VARIABLE = YES;
				IPHONEOS_DEPLOYMENT_TARGET = 11.1;
				MTL_ENABLE_DEBUG_INFO = YES;
				ONLY_ACTIVE_ARCH = YES;
				SDKROOT = iphoneos;
			};
			name = Debug;
		};
		88A94C291FB44BBF0048B4C2 /* Release */ = {
			isa = XCBuildConfiguration;
			buildSettings = {
				ALWAYS_SEARCH_USER_PATHS = NO;
				CLANG_ANALYZER_NONNULL = YES;
				CLANG_ANALYZER_NUMBER_OBJECT_CONVERSION = YES_AGGRESSIVE;
				CLANG_CXX_LANGUAGE_STANDARD = "gnu++14";
				CLANG_CXX_LIBRARY = "libc++";
				CLANG_ENABLE_MODULES = YES;
				CLANG_ENABLE_OBJC_ARC = YES;
				CLANG_WARN_BLOCK_CAPTURE_AUTORELEASING = YES;
				CLANG_WARN_BOOL_CONVERSION = YES;
				CLANG_WARN_COMMA = YES;
				CLANG_WARN_CONSTANT_CONVERSION = YES;
				CLANG_WARN_DIRECT_OBJC_ISA_USAGE = YES_ERROR;
				CLANG_WARN_DOCUMENTATION_COMMENTS = YES;
				CLANG_WARN_EMPTY_BODY = YES;
				CLANG_WARN_ENUM_CONVERSION = YES;
				CLANG_WARN_INFINITE_RECURSION = YES;
				CLANG_WARN_INT_CONVERSION = YES;
				CLANG_WARN_NON_LITERAL_NULL_CONVERSION = YES;
				CLANG_WARN_OBJC_LITERAL_CONVERSION = YES;
				CLANG_WARN_OBJC_ROOT_CLASS = YES_ERROR;
				CLANG_WARN_RANGE_LOOP_ANALYSIS = YES;
				CLANG_WARN_STRICT_PROTOTYPES = YES;
				CLANG_WARN_SUSPICIOUS_MOVE = YES;
				CLANG_WARN_UNGUARDED_AVAILABILITY = YES_AGGRESSIVE;
				CLANG_WARN_UNREACHABLE_CODE = YES;
				CLANG_WARN__DUPLICATE_METHOD_MATCH = YES;
				CODE_SIGN_IDENTITY = "iPhone Developer";
				COPY_PHASE_STRIP = NO;
				DEBUG_INFORMATION_FORMAT = "dwarf-with-dsym";
				ENABLE_NS_ASSERTIONS = NO;
				ENABLE_STRICT_OBJC_MSGSEND = YES;
				GCC_C_LANGUAGE_STANDARD = gnu11;
				GCC_NO_COMMON_BLOCKS = YES;
				GCC_WARN_64_TO_32_BIT_CONVERSION = YES;
				GCC_WARN_ABOUT_RETURN_TYPE = YES_ERROR;
				GCC_WARN_UNDECLARED_SELECTOR = YES;
				GCC_WARN_UNINITIALIZED_AUTOS = YES_AGGRESSIVE;
				GCC_WARN_UNUSED_FUNCTION = YES;
				GCC_WARN_UNUSED_VARIABLE = YES;
				IPHONEOS_DEPLOYMENT_TARGET = 11.1;
				MTL_ENABLE_DEBUG_INFO = NO;
				SDKROOT = iphoneos;
				VALIDATE_PRODUCT = YES;
			};
			name = Release;
		};
		88A94C2B1FB44BBF0048B4C2 /* Debug */ = {
			isa = XCBuildConfiguration;
			baseConfigurationReference = B776A9DD4D2D5C7D54CA6F17 /* Pods-YukiFramework.debug.xcconfig */;
			buildSettings = {
				ASSETCATALOG_COMPILER_APPICON_NAME = AppIcon;
				ASSETCATALOG_COMPILER_LAUNCHIMAGE_NAME = LaunchImage;
				CODE_SIGN_STYLE = Automatic;
				DEVELOPMENT_TEAM = 8UNEFE2V3S;
				GCC_PRECOMPILE_PREFIX_HEADER = YES;
				GCC_PREFIX_HEADER = "$(SRCROOT)/YukiFramework/YukiTools/TabbarAndNavBar/PrefixHeader.pch";
				INFOPLIST_FILE = YukiFramework/Info.plist;
				IPHONEOS_DEPLOYMENT_TARGET = 9.0;
				LD_RUNPATH_SEARCH_PATHS = "$(inherited) @executable_path/Frameworks";
				PRODUCT_BUNDLE_IDENTIFIER = com.wangyu.cn.YukiFramework;
				PRODUCT_NAME = "$(TARGET_NAME)";
				TARGETED_DEVICE_FAMILY = "1,2";
			};
			name = Debug;
		};
		88A94C2C1FB44BBF0048B4C2 /* Release */ = {
			isa = XCBuildConfiguration;
			baseConfigurationReference = 4B319400642AAD808E5D75F4 /* Pods-YukiFramework.release.xcconfig */;
			buildSettings = {
				ASSETCATALOG_COMPILER_APPICON_NAME = AppIcon;
				ASSETCATALOG_COMPILER_LAUNCHIMAGE_NAME = LaunchImage;
				CODE_SIGN_STYLE = Automatic;
				DEVELOPMENT_TEAM = 8UNEFE2V3S;
				GCC_PRECOMPILE_PREFIX_HEADER = YES;
				GCC_PREFIX_HEADER = "$(SRCROOT)/YukiFramework/YukiTools/TabbarAndNavBar/PrefixHeader.pch";
				INFOPLIST_FILE = YukiFramework/Info.plist;
				IPHONEOS_DEPLOYMENT_TARGET = 9.0;
				LD_RUNPATH_SEARCH_PATHS = "$(inherited) @executable_path/Frameworks";
				PRODUCT_BUNDLE_IDENTIFIER = com.wangyu.cn.YukiFramework;
				PRODUCT_NAME = "$(TARGET_NAME)";
				TARGETED_DEVICE_FAMILY = "1,2";
			};
			name = Release;
		};
		88A94C2E1FB44BBF0048B4C2 /* Debug */ = {
			isa = XCBuildConfiguration;
			buildSettings = {
				BUNDLE_LOADER = "$(TEST_HOST)";
				CODE_SIGN_STYLE = Automatic;
				INFOPLIST_FILE = YukiFrameworkTests/Info.plist;
				LD_RUNPATH_SEARCH_PATHS = "$(inherited) @executable_path/Frameworks @loader_path/Frameworks";
				PRODUCT_BUNDLE_IDENTIFIER = com.wangyu.cn.YukiFrameworkTests;
				PRODUCT_NAME = "$(TARGET_NAME)";
				TARGETED_DEVICE_FAMILY = "1,2";
				TEST_HOST = "$(BUILT_PRODUCTS_DIR)/YukiFramework.app/YukiFramework";
			};
			name = Debug;
		};
		88A94C2F1FB44BBF0048B4C2 /* Release */ = {
			isa = XCBuildConfiguration;
			buildSettings = {
				BUNDLE_LOADER = "$(TEST_HOST)";
				CODE_SIGN_STYLE = Automatic;
				INFOPLIST_FILE = YukiFrameworkTests/Info.plist;
				LD_RUNPATH_SEARCH_PATHS = "$(inherited) @executable_path/Frameworks @loader_path/Frameworks";
				PRODUCT_BUNDLE_IDENTIFIER = com.wangyu.cn.YukiFrameworkTests;
				PRODUCT_NAME = "$(TARGET_NAME)";
				TARGETED_DEVICE_FAMILY = "1,2";
				TEST_HOST = "$(BUILT_PRODUCTS_DIR)/YukiFramework.app/YukiFramework";
			};
			name = Release;
		};
		88A94C311FB44BBF0048B4C2 /* Debug */ = {
			isa = XCBuildConfiguration;
			buildSettings = {
				CODE_SIGN_STYLE = Automatic;
				INFOPLIST_FILE = YukiFrameworkUITests/Info.plist;
				LD_RUNPATH_SEARCH_PATHS = "$(inherited) @executable_path/Frameworks @loader_path/Frameworks";
				PRODUCT_BUNDLE_IDENTIFIER = com.wangyu.cn.YukiFrameworkUITests;
				PRODUCT_NAME = "$(TARGET_NAME)";
				TARGETED_DEVICE_FAMILY = "1,2";
				TEST_TARGET_NAME = YukiFramework;
			};
			name = Debug;
		};
		88A94C321FB44BBF0048B4C2 /* Release */ = {
			isa = XCBuildConfiguration;
			buildSettings = {
				CODE_SIGN_STYLE = Automatic;
				INFOPLIST_FILE = YukiFrameworkUITests/Info.plist;
				LD_RUNPATH_SEARCH_PATHS = "$(inherited) @executable_path/Frameworks @loader_path/Frameworks";
				PRODUCT_BUNDLE_IDENTIFIER = com.wangyu.cn.YukiFrameworkUITests;
				PRODUCT_NAME = "$(TARGET_NAME)";
				TARGETED_DEVICE_FAMILY = "1,2";
				TEST_TARGET_NAME = YukiFramework;
			};
			name = Release;
		};
/* End XCBuildConfiguration section */

/* Begin XCConfigurationList section */
		88A94BF91FB44BBF0048B4C2 /* Build configuration list for PBXProject "YukiFramework" */ = {
			isa = XCConfigurationList;
			buildConfigurations = (
				88A94C281FB44BBF0048B4C2 /* Debug */,
				88A94C291FB44BBF0048B4C2 /* Release */,
			);
			defaultConfigurationIsVisible = 0;
			defaultConfigurationName = Release;
		};
		88A94C2A1FB44BBF0048B4C2 /* Build configuration list for PBXNativeTarget "YukiFramework" */ = {
			isa = XCConfigurationList;
			buildConfigurations = (
				88A94C2B1FB44BBF0048B4C2 /* Debug */,
				88A94C2C1FB44BBF0048B4C2 /* Release */,
			);
			defaultConfigurationIsVisible = 0;
			defaultConfigurationName = Release;
		};
		88A94C2D1FB44BBF0048B4C2 /* Build configuration list for PBXNativeTarget "YukiFrameworkTests" */ = {
			isa = XCConfigurationList;
			buildConfigurations = (
				88A94C2E1FB44BBF0048B4C2 /* Debug */,
				88A94C2F1FB44BBF0048B4C2 /* Release */,
			);
			defaultConfigurationIsVisible = 0;
			defaultConfigurationName = Release;
		};
		88A94C301FB44BBF0048B4C2 /* Build configuration list for PBXNativeTarget "YukiFrameworkUITests" */ = {
			isa = XCConfigurationList;
			buildConfigurations = (
				88A94C311FB44BBF0048B4C2 /* Debug */,
				88A94C321FB44BBF0048B4C2 /* Release */,
			);
			defaultConfigurationIsVisible = 0;
			defaultConfigurationName = Release;
		};
/* End XCConfigurationList section */
	};
	rootObject = 88A94BF61FB44BBF0048B4C2 /* Project object */;
}
